// !$*UTF8*$!
{
	archiveVersion = 1;
	classes = {
	};
	objectVersion = 46;
	objects = {

/* Begin PBXBuildFile section */
		820CA7631EAF0DFF006832B5 /* DAActivity.m in Sources */ = {isa = PBXBuildFile; fileRef = 820CA7621EAF0DFF006832B5 /* DAActivity.m */; };
		820CA7661EAF2178006832B5 /* DAActivityIndicator.m in Sources */ = {isa = PBXBuildFile; fileRef = 820CA7651EAF2178006832B5 /* DAActivityIndicator.m */; settings = {COMPILER_FLAGS = "-fno-objc-arc"; }; };
		820CA76F1EAF5296006832B5 /* Assets.xcassets in Resources */ = {isa = PBXBuildFile; fileRef = 820CA7691EAF5296006832B5 /* Assets.xcassets */; };
		820CA7771EB03418006832B5 /* UserModel.m in Sources */ = {isa = PBXBuildFile; fileRef = 820CA7761EB03418006832B5 /* UserModel.m */; };
		820CA77A1EB0368A006832B5 /* DALogin.m in Sources */ = {isa = PBXBuildFile; fileRef = 820CA7791EB0368A006832B5 /* DALogin.m */; };
		820CA77F1EB0389E006832B5 /* LoginPage.xib in Resources */ = {isa = PBXBuildFile; fileRef = 820CA77E1EB0389E006832B5 /* LoginPage.xib */; };
		820CA78A1EB0539F006832B5 /* Icon60@2x.png in Resources */ = {isa = PBXBuildFile; fileRef = 820CA7851EB0539F006832B5 /* Icon60@2x.png */; };
		820CA78B1EB0539F006832B5 /* NewsDefault@2x.png in Resources */ = {isa = PBXBuildFile; fileRef = 820CA7861EB0539F006832B5 /* NewsDefault@2x.png */; };
		820CA78C1EB0539F006832B5 /* WeatherBack@2x.png in Resources */ = {isa = PBXBuildFile; fileRef = 820CA7871EB0539F006832B5 /* WeatherBack@2x.png */; };
		820CA78D1EB0539F006832B5 /* WeatherLocation@2x.png in Resources */ = {isa = PBXBuildFile; fileRef = 820CA7881EB0539F006832B5 /* WeatherLocation@2x.png */; };
		820CA78E1EB0539F006832B5 /* WeatherShare@2x.png in Resources */ = {isa = PBXBuildFile; fileRef = 820CA7891EB0539F006832B5 /* WeatherShare@2x.png */; };
		820CA7911EB053AB006832B5 /* ColumnBarLeft@2x.png in Resources */ = {isa = PBXBuildFile; fileRef = 820CA78F1EB053AB006832B5 /* ColumnBarLeft@2x.png */; };
		820CA7921EB053AB006832B5 /* ColumnBarRight@2x.png in Resources */ = {isa = PBXBuildFile; fileRef = 820CA7901EB053AB006832B5 /* ColumnBarRight@2x.png */; };
		820CA79A1EB053B5006832B5 /* account_snslogin_icon_1@2x.png in Resources */ = {isa = PBXBuildFile; fileRef = 820CA7931EB053B5006832B5 /* account_snslogin_icon_1@2x.png */; };
		820CA79B1EB053B5006832B5 /* account_snslogin_icon_3@2x.png in Resources */ = {isa = PBXBuildFile; fileRef = 820CA7941EB053B5006832B5 /* account_snslogin_icon_3@2x.png */; };
		820CA79C1EB053B5006832B5 /* home_page_line_vertical@2x.png in Resources */ = {isa = PBXBuildFile; fileRef = 820CA7951EB053B5006832B5 /* home_page_line_vertical@2x.png */; };
		820CA79D1EB053B5006832B5 /* login_button@2x.png in Resources */ = {isa = PBXBuildFile; fileRef = 820CA7961EB053B5006832B5 /* login_button@2x.png */; };
		820CA79E1EB053B5006832B5 /* login_forgot_button@2x.png in Resources */ = {isa = PBXBuildFile; fileRef = 820CA7971EB053B5006832B5 /* login_forgot_button@2x.png */; };
		820CA79F1EB053B5006832B5 /* login_password_icon@2x.png in Resources */ = {isa = PBXBuildFile; fileRef = 820CA7981EB053B5006832B5 /* login_password_icon@2x.png */; };
		820CA7A01EB053B5006832B5 /* login_username_icon@2x.png in Resources */ = {isa = PBXBuildFile; fileRef = 820CA7991EB053B5006832B5 /* login_username_icon@2x.png */; };
		820CA7AB1EB053C1006832B5 /* NavBarAlpha.png in Resources */ = {isa = PBXBuildFile; fileRef = 820CA7A11EB053C1006832B5 /* NavBarAlpha.png */; };
		820CA7AC1EB053C1006832B5 /* NavBarIcon@2x.png in Resources */ = {isa = PBXBuildFile; fileRef = 820CA7A21EB053C1006832B5 /* NavBarIcon@2x.png */; };
		820CA7AD1EB053C1006832B5 /* NavBarWhite44@2x.png in Resources */ = {isa = PBXBuildFile; fileRef = 820CA7A31EB053C1006832B5 /* NavBarWhite44@2x.png */; };
		820CA7AE1EB053C1006832B5 /* NavBarWhite64@2x.png in Resources */ = {isa = PBXBuildFile; fileRef = 820CA7A41EB053C1006832B5 /* NavBarWhite64@2x.png */; };
		820CA7AF1EB053C1006832B5 /* NavigationBack@2x.png in Resources */ = {isa = PBXBuildFile; fileRef = 820CA7A51EB053C1006832B5 /* NavigationBack@2x.png */; };
		820CA7B01EB053C1006832B5 /* NavigationBackBlack@2x.png in Resources */ = {isa = PBXBuildFile; fileRef = 820CA7A61EB053C1006832B5 /* NavigationBackBlack@2x.png */; };
		820CA7B11EB053C1006832B5 /* NavigationBar44@2x.png in Resources */ = {isa = PBXBuildFile; fileRef = 820CA7A71EB053C1006832B5 /* NavigationBar44@2x.png */; };
		820CA7B21EB053C1006832B5 /* NavigationBar64@2x.png in Resources */ = {isa = PBXBuildFile; fileRef = 820CA7A81EB053C1006832B5 /* NavigationBar64@2x.png */; };
		820CA7B31EB053C1006832B5 /* NavigationBell@2x.png in Resources */ = {isa = PBXBuildFile; fileRef = 820CA7A91EB053C1006832B5 /* NavigationBell@2x.png */; };
		820CA7B41EB053C1006832B5 /* NavigationSquare@2x.png in Resources */ = {isa = PBXBuildFile; fileRef = 820CA7AA1EB053C1006832B5 /* NavigationSquare@2x.png */; };
		820CA7C21EB053CB006832B5 /* DiscoveryIcon@2x.png in Resources */ = {isa = PBXBuildFile; fileRef = 820CA7B51EB053CB006832B5 /* DiscoveryIcon@2x.png */; };
		820CA7C31EB053CB006832B5 /* DiscoveryIconSelect@2x.png in Resources */ = {isa = PBXBuildFile; fileRef = 820CA7B61EB053CB006832B5 /* DiscoveryIconSelect@2x.png */; };
		820CA7C41EB053CB006832B5 /* MyIcon@2x.png in Resources */ = {isa = PBXBuildFile; fileRef = 820CA7B71EB053CB006832B5 /* MyIcon@2x.png */; };
		820CA7C51EB053CB006832B5 /* MyIconSelect@2x.png in Resources */ = {isa = PBXBuildFile; fileRef = 820CA7B81EB053CB006832B5 /* MyIconSelect@2x.png */; };
		820CA7C61EB053CB006832B5 /* NewsIcon@2x.png in Resources */ = {isa = PBXBuildFile; fileRef = 820CA7B91EB053CB006832B5 /* NewsIcon@2x.png */; };
		820CA7C71EB053CB006832B5 /* NewsIconSelect@2x.png in Resources */ = {isa = PBXBuildFile; fileRef = 820CA7BA1EB053CB006832B5 /* NewsIconSelect@2x.png */; };
		820CA7C81EB053CB006832B5 /* ReaderIcon@2x.png in Resources */ = {isa = PBXBuildFile; fileRef = 820CA7BB1EB053CB006832B5 /* ReaderIcon@2x.png */; };
		820CA7C91EB053CB006832B5 /* ReaderIconSelect@2x.png in Resources */ = {isa = PBXBuildFile; fileRef = 820CA7BC1EB053CB006832B5 /* ReaderIconSelect@2x.png */; };
		820CA7CA1EB053CB006832B5 /* tabbar_icon_media_highlight@2x.png in Resources */ = {isa = PBXBuildFile; fileRef = 820CA7BD1EB053CB006832B5 /* tabbar_icon_media_highlight@2x.png */; };
		820CA7CB1EB053CB006832B5 /* tabbar_icon_media_normal@2x.png in Resources */ = {isa = PBXBuildFile; fileRef = 820CA7BE1EB053CB006832B5 /* tabbar_icon_media_normal@2x.png */; };
		820CA7CC1EB053CB006832B5 /* TabBarShadow@2x.png in Resources */ = {isa = PBXBuildFile; fileRef = 820CA7BF1EB053CB006832B5 /* TabBarShadow@2x.png */; };
		820CA7CD1EB053CB006832B5 /* VoiceIcon@2x.png in Resources */ = {isa = PBXBuildFile; fileRef = 820CA7C01EB053CB006832B5 /* VoiceIcon@2x.png */; };
		820CA7CE1EB053CB006832B5 /* VoiceIconSelect@2x.png in Resources */ = {isa = PBXBuildFile; fileRef = 820CA7C11EB053CB006832B5 /* VoiceIconSelect@2x.png */; };
		820CA7D41EB0B8C3006832B5 /* LoginPage.m in Sources */ = {isa = PBXBuildFile; fileRef = 820CA7D31EB0B8C3006832B5 /* LoginPage.m */; };
		820CA7DA1EB0BE95006832B5 /* DABasePage.m in Sources */ = {isa = PBXBuildFile; fileRef = 820CA7D91EB0BE95006832B5 /* DABasePage.m */; };
		821F2DEE1EAC4BF70098081F /* main.m in Sources */ = {isa = PBXBuildFile; fileRef = 821F2DED1EAC4BF70098081F /* main.m */; };
		821F2DF11EAC4BF70098081F /* AppDelegate.m in Sources */ = {isa = PBXBuildFile; fileRef = 821F2DF01EAC4BF70098081F /* AppDelegate.m */; };
		821F2E071EAC4BF70098081F /* DesignAlianceTests.m in Sources */ = {isa = PBXBuildFile; fileRef = 821F2E061EAC4BF70098081F /* DesignAlianceTests.m */; };
		821F2E121EAC4BF70098081F /* DesignAlianceUITests.m in Sources */ = {isa = PBXBuildFile; fileRef = 821F2E111EAC4BF70098081F /* DesignAlianceUITests.m */; };
		821F2E521EAC990F0098081F /* Main.storyboard in Resources */ = {isa = PBXBuildFile; fileRef = 821F2E501EAC990F0098081F /* Main.storyboard */; };
		821F2E561EACB7CF0098081F /* DABaseController.m in Sources */ = {isa = PBXBuildFile; fileRef = 821F2E551EACB7CF0098081F /* DABaseController.m */; };
		821F2E591EACB80B0098081F /* DABaseWidget.m in Sources */ = {isa = PBXBuildFile; fileRef = 821F2E581EACB80B0098081F /* DABaseWidget.m */; };
		821F2E5C1EACB8250098081F /* DABaseCell.m in Sources */ = {isa = PBXBuildFile; fileRef = 821F2E5B1EACB8250098081F /* DABaseCell.m */; };
		821F2E5F1EACB9850098081F /* DABaseModel.m in Sources */ = {isa = PBXBuildFile; fileRef = 821F2E5E1EACB9850098081F /* DABaseModel.m */; };
		821F2E701EACBBEB0098081F /* HomePage.m in Sources */ = {isa = PBXBuildFile; fileRef = 821F2E6F1EACBBEB0098081F /* HomePage.m */; };
		821F2E811EACCC460098081F /* DABaseOperation.m in Sources */ = {isa = PBXBuildFile; fileRef = 821F2E801EACCC460098081F /* DABaseOperation.m */; };
		821F2E841EAD8E200098081F /* JsonFramework in Resources */ = {isa = PBXBuildFile; fileRef = 821F2E831EAD8E200098081F /* JsonFramework */; };
		8250B4281EADE210000F037A /* FxJSON.m in Sources */ = {isa = PBXBuildFile; fileRef = 8250B41F1EADE210000F037A /* FxJSON.m */; settings = {COMPILER_FLAGS = "-fno-objc-arc"; }; };
		8250B4291EADE210000F037A /* FxJsonBase.m in Sources */ = {isa = PBXBuildFile; fileRef = 8250B4211EADE210000F037A /* FxJsonBase.m */; settings = {COMPILER_FLAGS = "-fno-objc-arc"; }; };
		8250B42A1EADE210000F037A /* FxJsonParser.m in Sources */ = {isa = PBXBuildFile; fileRef = 8250B4231EADE210000F037A /* FxJsonParser.m */; settings = {COMPILER_FLAGS = "-fno-objc-arc"; }; };
		8250B42B1EADE211000F037A /* FxJsonUtility.m in Sources */ = {isa = PBXBuildFile; fileRef = 8250B4251EADE210000F037A /* FxJsonUtility.m */; settings = {COMPILER_FLAGS = "-fno-objc-arc"; }; };
		8250B42C1EADE211000F037A /* FxJsonWriter.m in Sources */ = {isa = PBXBuildFile; fileRef = 8250B4271EADE210000F037A /* FxJsonWriter.m */; settings = {COMPILER_FLAGS = "-fno-objc-arc"; }; };
		8250B4341EAE11DE000F037A /* DAGlobal.m in Sources */ = {isa = PBXBuildFile; fileRef = 8250B4331EAE11DE000F037A /* DAGlobal.m */; };
		8250B4371EAE216F000F037A /* DAFileUtility.m in Sources */ = {isa = PBXBuildFile; fileRef = 8250B4361EAE216F000F037A /* DAFileUtility.m */; };
/* End PBXBuildFile section */

/* Begin PBXContainerItemProxy section */
		821F2E031EAC4BF70098081F /* PBXContainerItemProxy */ = {
			isa = PBXContainerItemProxy;
			containerPortal = 821F2DE11EAC4BF70098081F /* Project object */;
			proxyType = 1;
			remoteGlobalIDString = 821F2DE81EAC4BF70098081F;
			remoteInfo = DesignAliance;
		};
		821F2E0E1EAC4BF70098081F /* PBXContainerItemProxy */ = {
			isa = PBXContainerItemProxy;
			containerPortal = 821F2DE11EAC4BF70098081F /* Project object */;
			proxyType = 1;
			remoteGlobalIDString = 821F2DE81EAC4BF70098081F;
			remoteInfo = DesignAliance;
		};
/* End PBXContainerItemProxy section */

/* Begin PBXFileReference section */
		820CA7611EAF0DFF006832B5 /* DAActivity.h */ = {isa = PBXFileReference; fileEncoding = 4; lastKnownFileType = sourcecode.c.h; path = DAActivity.h; sourceTree = "<group>"; };
		820CA7621EAF0DFF006832B5 /* DAActivity.m */ = {isa = PBXFileReference; fileEncoding = 4; lastKnownFileType = sourcecode.c.objc; path = DAActivity.m; sourceTree = "<group>"; };
		820CA7641EAF2178006832B5 /* DAActivityIndicator.h */ = {isa = PBXFileReference; fileEncoding = 4; lastKnownFileType = sourcecode.c.h; path = DAActivityIndicator.h; sourceTree = "<group>"; };
		820CA7651EAF2178006832B5 /* DAActivityIndicator.m */ = {isa = PBXFileReference; fileEncoding = 4; lastKnownFileType = sourcecode.c.objc; path = DAActivityIndicator.m; sourceTree = "<group>"; };
		820CA7691EAF5296006832B5 /* Assets.xcassets */ = {isa = PBXFileReference; lastKnownFileType = folder.assetcatalog; path = Assets.xcassets; sourceTree = "<group>"; };
		820CA7751EB03418006832B5 /* UserModel.h */ = {isa = PBXFileReference; fileEncoding = 4; lastKnownFileType = sourcecode.c.h; path = UserModel.h; sourceTree = "<group>"; };
		820CA7761EB03418006832B5 /* UserModel.m */ = {isa = PBXFileReference; fileEncoding = 4; lastKnownFileType = sourcecode.c.objc; path = UserModel.m; sourceTree = "<group>"; };
		820CA7781EB0368A006832B5 /* DALogin.h */ = {isa = PBXFileReference; fileEncoding = 4; lastKnownFileType = sourcecode.c.h; path = DALogin.h; sourceTree = "<group>"; };
		820CA7791EB0368A006832B5 /* DALogin.m */ = {isa = PBXFileReference; fileEncoding = 4; lastKnownFileType = sourcecode.c.objc; path = DALogin.m; sourceTree = "<group>"; };
		820CA77E1EB0389E006832B5 /* LoginPage.xib */ = {isa = PBXFileReference; fileEncoding = 4; lastKnownFileType = file.xib; path = LoginPage.xib; sourceTree = "<group>"; };
		820CA7851EB0539F006832B5 /* Icon60@2x.png */ = {isa = PBXFileReference; lastKnownFileType = image.png; name = "Icon60@2x.png"; path = "Background/Icon60@2x.png"; sourceTree = "<group>"; };
		820CA7861EB0539F006832B5 /* NewsDefault@2x.png */ = {isa = PBXFileReference; lastKnownFileType = image.png; name = "NewsDefault@2x.png"; path = "Background/NewsDefault@2x.png"; sourceTree = "<group>"; };
		820CA7871EB0539F006832B5 /* WeatherBack@2x.png */ = {isa = PBXFileReference; lastKnownFileType = image.png; name = "WeatherBack@2x.png"; path = "Background/WeatherBack@2x.png"; sourceTree = "<group>"; };
		820CA7881EB0539F006832B5 /* WeatherLocation@2x.png */ = {isa = PBXFileReference; lastKnownFileType = image.png; name = "WeatherLocation@2x.png"; path = "Background/WeatherLocation@2x.png"; sourceTree = "<group>"; };
		820CA7891EB0539F006832B5 /* WeatherShare@2x.png */ = {isa = PBXFileReference; lastKnownFileType = image.png; name = "WeatherShare@2x.png"; path = "Background/WeatherShare@2x.png"; sourceTree = "<group>"; };
		820CA78F1EB053AB006832B5 /* ColumnBarLeft@2x.png */ = {isa = PBXFileReference; lastKnownFileType = image.png; name = "ColumnBarLeft@2x.png"; path = "ColumnBar/ColumnBarLeft@2x.png"; sourceTree = "<group>"; };
		820CA7901EB053AB006832B5 /* ColumnBarRight@2x.png */ = {isa = PBXFileReference; lastKnownFileType = image.png; name = "ColumnBarRight@2x.png"; path = "ColumnBar/ColumnBarRight@2x.png"; sourceTree = "<group>"; };
		820CA7931EB053B5006832B5 /* account_snslogin_icon_1@2x.png */ = {isa = PBXFileReference; lastKnownFileType = image.png; name = "account_snslogin_icon_1@2x.png"; path = "Login/account_snslogin_icon_1@2x.png"; sourceTree = "<group>"; };
		820CA7941EB053B5006832B5 /* account_snslogin_icon_3@2x.png */ = {isa = PBXFileReference; lastKnownFileType = image.png; name = "account_snslogin_icon_3@2x.png"; path = "Login/account_snslogin_icon_3@2x.png"; sourceTree = "<group>"; };
		820CA7951EB053B5006832B5 /* home_page_line_vertical@2x.png */ = {isa = PBXFileReference; lastKnownFileType = image.png; name = "home_page_line_vertical@2x.png"; path = "Login/home_page_line_vertical@2x.png"; sourceTree = "<group>"; };
		820CA7961EB053B5006832B5 /* login_button@2x.png */ = {isa = PBXFileReference; lastKnownFileType = image.png; name = "login_button@2x.png"; path = "Login/login_button@2x.png"; sourceTree = "<group>"; };
		820CA7971EB053B5006832B5 /* login_forgot_button@2x.png */ = {isa = PBXFileReference; lastKnownFileType = image.png; name = "login_forgot_button@2x.png"; path = "Login/login_forgot_button@2x.png"; sourceTree = "<group>"; };
		820CA7981EB053B5006832B5 /* login_password_icon@2x.png */ = {isa = PBXFileReference; lastKnownFileType = image.png; name = "login_password_icon@2x.png"; path = "Login/login_password_icon@2x.png"; sourceTree = "<group>"; };
		820CA7991EB053B5006832B5 /* login_username_icon@2x.png */ = {isa = PBXFileReference; lastKnownFileType = image.png; name = "login_username_icon@2x.png"; path = "Login/login_username_icon@2x.png"; sourceTree = "<group>"; };
		820CA7A11EB053C1006832B5 /* NavBarAlpha.png */ = {isa = PBXFileReference; lastKnownFileType = image.png; name = NavBarAlpha.png; path = NavBar/NavBarAlpha.png; sourceTree = "<group>"; };
		820CA7A21EB053C1006832B5 /* NavBarIcon@2x.png */ = {isa = PBXFileReference; lastKnownFileType = image.png; name = "NavBarIcon@2x.png"; path = "NavBar/NavBarIcon@2x.png"; sourceTree = "<group>"; };
		820CA7A31EB053C1006832B5 /* NavBarWhite44@2x.png */ = {isa = PBXFileReference; lastKnownFileType = image.png; name = "NavBarWhite44@2x.png"; path = "NavBar/NavBarWhite44@2x.png"; sourceTree = "<group>"; };
		820CA7A41EB053C1006832B5 /* NavBarWhite64@2x.png */ = {isa = PBXFileReference; lastKnownFileType = image.png; name = "NavBarWhite64@2x.png"; path = "NavBar/NavBarWhite64@2x.png"; sourceTree = "<group>"; };
		820CA7A51EB053C1006832B5 /* NavigationBack@2x.png */ = {isa = PBXFileReference; lastKnownFileType = image.png; name = "NavigationBack@2x.png"; path = "NavBar/NavigationBack@2x.png"; sourceTree = "<group>"; };
		820CA7A61EB053C1006832B5 /* NavigationBackBlack@2x.png */ = {isa = PBXFileReference; lastKnownFileType = image.png; name = "NavigationBackBlack@2x.png"; path = "NavBar/NavigationBackBlack@2x.png"; sourceTree = "<group>"; };
		820CA7A71EB053C1006832B5 /* NavigationBar44@2x.png */ = {isa = PBXFileReference; lastKnownFileType = image.png; name = "NavigationBar44@2x.png"; path = "NavBar/NavigationBar44@2x.png"; sourceTree = "<group>"; };
		820CA7A81EB053C1006832B5 /* NavigationBar64@2x.png */ = {isa = PBXFileReference; lastKnownFileType = image.png; name = "NavigationBar64@2x.png"; path = "NavBar/NavigationBar64@2x.png"; sourceTree = "<group>"; };
		820CA7A91EB053C1006832B5 /* NavigationBell@2x.png */ = {isa = PBXFileReference; lastKnownFileType = image.png; name = "NavigationBell@2x.png"; path = "NavBar/NavigationBell@2x.png"; sourceTree = "<group>"; };
		820CA7AA1EB053C1006832B5 /* NavigationSquare@2x.png */ = {isa = PBXFileReference; lastKnownFileType = image.png; name = "NavigationSquare@2x.png"; path = "NavBar/NavigationSquare@2x.png"; sourceTree = "<group>"; };
		820CA7B51EB053CB006832B5 /* DiscoveryIcon@2x.png */ = {isa = PBXFileReference; lastKnownFileType = image.png; name = "DiscoveryIcon@2x.png"; path = "TabBar/DiscoveryIcon@2x.png"; sourceTree = "<group>"; };
		820CA7B61EB053CB006832B5 /* DiscoveryIconSelect@2x.png */ = {isa = PBXFileReference; lastKnownFileType = image.png; name = "DiscoveryIconSelect@2x.png"; path = "TabBar/DiscoveryIconSelect@2x.png"; sourceTree = "<group>"; };
		820CA7B71EB053CB006832B5 /* MyIcon@2x.png */ = {isa = PBXFileReference; lastKnownFileType = image.png; name = "MyIcon@2x.png"; path = "TabBar/MyIcon@2x.png"; sourceTree = "<group>"; };
		820CA7B81EB053CB006832B5 /* MyIconSelect@2x.png */ = {isa = PBXFileReference; lastKnownFileType = image.png; name = "MyIconSelect@2x.png"; path = "TabBar/MyIconSelect@2x.png"; sourceTree = "<group>"; };
		820CA7B91EB053CB006832B5 /* NewsIcon@2x.png */ = {isa = PBXFileReference; lastKnownFileType = image.png; name = "NewsIcon@2x.png"; path = "TabBar/NewsIcon@2x.png"; sourceTree = "<group>"; };
		820CA7BA1EB053CB006832B5 /* NewsIconSelect@2x.png */ = {isa = PBXFileReference; lastKnownFileType = image.png; name = "NewsIconSelect@2x.png"; path = "TabBar/NewsIconSelect@2x.png"; sourceTree = "<group>"; };
		820CA7BB1EB053CB006832B5 /* ReaderIcon@2x.png */ = {isa = PBXFileReference; lastKnownFileType = image.png; name = "ReaderIcon@2x.png"; path = "TabBar/ReaderIcon@2x.png"; sourceTree = "<group>"; };
		820CA7BC1EB053CB006832B5 /* ReaderIconSelect@2x.png */ = {isa = PBXFileReference; lastKnownFileType = image.png; name = "ReaderIconSelect@2x.png"; path = "TabBar/ReaderIconSelect@2x.png"; sourceTree = "<group>"; };
		820CA7BD1EB053CB006832B5 /* tabbar_icon_media_highlight@2x.png */ = {isa = PBXFileReference; lastKnownFileType = image.png; name = "tabbar_icon_media_highlight@2x.png"; path = "TabBar/tabbar_icon_media_highlight@2x.png"; sourceTree = "<group>"; };
		820CA7BE1EB053CB006832B5 /* tabbar_icon_media_normal@2x.png */ = {isa = PBXFileReference; lastKnownFileType = image.png; name = "tabbar_icon_media_normal@2x.png"; path = "TabBar/tabbar_icon_media_normal@2x.png"; sourceTree = "<group>"; };
		820CA7BF1EB053CB006832B5 /* TabBarShadow@2x.png */ = {isa = PBXFileReference; lastKnownFileType = image.png; name = "TabBarShadow@2x.png"; path = "TabBar/TabBarShadow@2x.png"; sourceTree = "<group>"; };
		820CA7C01EB053CB006832B5 /* VoiceIcon@2x.png */ = {isa = PBXFileReference; lastKnownFileType = image.png; name = "VoiceIcon@2x.png"; path = "TabBar/VoiceIcon@2x.png"; sourceTree = "<group>"; };
		820CA7C11EB053CB006832B5 /* VoiceIconSelect@2x.png */ = {isa = PBXFileReference; lastKnownFileType = image.png; name = "VoiceIconSelect@2x.png"; path = "TabBar/VoiceIconSelect@2x.png"; sourceTree = "<group>"; };
		820CA7D21EB0B8C3006832B5 /* LoginPage.h */ = {isa = PBXFileReference; fileEncoding = 4; lastKnownFileType = sourcecode.c.h; path = LoginPage.h; sourceTree = "<group>"; };
		820CA7D31EB0B8C3006832B5 /* LoginPage.m */ = {isa = PBXFileReference; fileEncoding = 4; lastKnownFileType = sourcecode.c.objc; path = LoginPage.m; sourceTree = "<group>"; };
		820CA7D81EB0BE95006832B5 /* DABasePage.h */ = {isa = PBXFileReference; fileEncoding = 4; lastKnownFileType = sourcecode.c.h; path = DABasePage.h; sourceTree = "<group>"; };
		820CA7D91EB0BE95006832B5 /* DABasePage.m */ = {isa = PBXFileReference; fileEncoding = 4; lastKnownFileType = sourcecode.c.objc; path = DABasePage.m; sourceTree = "<group>"; };
		821F2DE91EAC4BF70098081F /* DesignAliance.app */ = {isa = PBXFileReference; explicitFileType = wrapper.application; includeInIndex = 0; path = DesignAliance.app; sourceTree = BUILT_PRODUCTS_DIR; };
		821F2DED1EAC4BF70098081F /* main.m */ = {isa = PBXFileReference; lastKnownFileType = sourcecode.c.objc; path = main.m; sourceTree = "<group>"; };
		821F2DEF1EAC4BF70098081F /* AppDelegate.h */ = {isa = PBXFileReference; lastKnownFileType = sourcecode.c.h; path = AppDelegate.h; sourceTree = "<group>"; };
		821F2DF01EAC4BF70098081F /* AppDelegate.m */ = {isa = PBXFileReference; lastKnownFileType = sourcecode.c.objc; path = AppDelegate.m; sourceTree = "<group>"; };
		821F2DFD1EAC4BF70098081F /* Info.plist */ = {isa = PBXFileReference; lastKnownFileType = text.plist.xml; path = Info.plist; sourceTree = "<group>"; };
		821F2E021EAC4BF70098081F /* DesignAlianceTests.xctest */ = {isa = PBXFileReference; explicitFileType = wrapper.cfbundle; includeInIndex = 0; path = DesignAlianceTests.xctest; sourceTree = BUILT_PRODUCTS_DIR; };
		821F2E061EAC4BF70098081F /* DesignAlianceTests.m */ = {isa = PBXFileReference; lastKnownFileType = sourcecode.c.objc; path = DesignAlianceTests.m; sourceTree = "<group>"; };
		821F2E081EAC4BF70098081F /* Info.plist */ = {isa = PBXFileReference; lastKnownFileType = text.plist.xml; path = Info.plist; sourceTree = "<group>"; };
		821F2E0D1EAC4BF70098081F /* DesignAlianceUITests.xctest */ = {isa = PBXFileReference; explicitFileType = wrapper.cfbundle; includeInIndex = 0; path = DesignAlianceUITests.xctest; sourceTree = BUILT_PRODUCTS_DIR; };
		821F2E111EAC4BF70098081F /* DesignAlianceUITests.m */ = {isa = PBXFileReference; lastKnownFileType = sourcecode.c.objc; path = DesignAlianceUITests.m; sourceTree = "<group>"; };
		821F2E131EAC4BF70098081F /* Info.plist */ = {isa = PBXFileReference; lastKnownFileType = text.plist.xml; path = Info.plist; sourceTree = "<group>"; };
		821F2E1F1EAC4CF20098081F /* Readme */ = {isa = PBXFileReference; lastKnownFileType = text; path = Readme; sourceTree = "<group>"; };
		821F2E281EAC4F060098081F /* Defines.h */ = {isa = PBXFileReference; fileEncoding = 4; lastKnownFileType = sourcecode.c.h; path = Defines.h; sourceTree = "<group>"; };
		821F2E4B1EAC91E50098081F /* DesignAliance-Prefix.pch */ = {isa = PBXFileReference; lastKnownFileType = sourcecode.c.h; path = "DesignAliance-Prefix.pch"; sourceTree = "<group>"; };
		821F2E501EAC990F0098081F /* Main.storyboard */ = {isa = PBXFileReference; fileEncoding = 4; lastKnownFileType = file.storyboard; path = Main.storyboard; sourceTree = "<group>"; };
		821F2E541EACB7CF0098081F /* DABaseController.h */ = {isa = PBXFileReference; fileEncoding = 4; lastKnownFileType = sourcecode.c.h; path = DABaseController.h; sourceTree = "<group>"; };
		821F2E551EACB7CF0098081F /* DABaseController.m */ = {isa = PBXFileReference; fileEncoding = 4; lastKnownFileType = sourcecode.c.objc; path = DABaseController.m; sourceTree = "<group>"; };
		821F2E571EACB80B0098081F /* DABaseWidget.h */ = {isa = PBXFileReference; fileEncoding = 4; lastKnownFileType = sourcecode.c.h; name = DABaseWidget.h; path = Widget/DABaseWidget.h; sourceTree = "<group>"; };
		821F2E581EACB80B0098081F /* DABaseWidget.m */ = {isa = PBXFileReference; fileEncoding = 4; lastKnownFileType = sourcecode.c.objc; name = DABaseWidget.m; path = Widget/DABaseWidget.m; sourceTree = "<group>"; };
		821F2E5A1EACB8250098081F /* DABaseCell.h */ = {isa = PBXFileReference; fileEncoding = 4; lastKnownFileType = sourcecode.c.h; name = DABaseCell.h; path = Cell/DABaseCell.h; sourceTree = "<group>"; };
		821F2E5B1EACB8250098081F /* DABaseCell.m */ = {isa = PBXFileReference; fileEncoding = 4; lastKnownFileType = sourcecode.c.objc; name = DABaseCell.m; path = Cell/DABaseCell.m; sourceTree = "<group>"; };
		821F2E5D1EACB9850098081F /* DABaseModel.h */ = {isa = PBXFileReference; fileEncoding = 4; lastKnownFileType = sourcecode.c.h; path = DABaseModel.h; sourceTree = "<group>"; };
		821F2E5E1EACB9850098081F /* DABaseModel.m */ = {isa = PBXFileReference; fileEncoding = 4; lastKnownFileType = sourcecode.c.objc; path = DABaseModel.m; sourceTree = "<group>"; };
		821F2E6E1EACBBEB0098081F /* HomePage.h */ = {isa = PBXFileReference; fileEncoding = 4; lastKnownFileType = sourcecode.c.h; path = HomePage.h; sourceTree = "<group>"; };
		821F2E6F1EACBBEB0098081F /* HomePage.m */ = {isa = PBXFileReference; fileEncoding = 4; lastKnownFileType = sourcecode.c.objc; path = HomePage.m; sourceTree = "<group>"; };
		821F2E711EACBD8E0098081F /* URLDefine.h */ = {isa = PBXFileReference; lastKnownFileType = sourcecode.c.h; path = URLDefine.h; sourceTree = "<group>"; };
		821F2E7F1EACCC460098081F /* DABaseOperation.h */ = {isa = PBXFileReference; fileEncoding = 4; lastKnownFileType = sourcecode.c.h; path = DABaseOperation.h; sourceTree = "<group>"; };
		821F2E801EACCC460098081F /* DABaseOperation.m */ = {isa = PBXFileReference; fileEncoding = 4; lastKnownFileType = sourcecode.c.objc; path = DABaseOperation.m; sourceTree = "<group>"; };
		821F2E831EAD8E200098081F /* JsonFramework */ = {isa = PBXFileReference; lastKnownFileType = folder; name = JsonFramework; path = /Users/zues/DesignAliance/DesignAliance/ThirdSDK/JsonFramework; sourceTree = "<absolute>"; };
		8250B41E1EADE210000F037A /* FxJSON.h */ = {isa = PBXFileReference; fileEncoding = 4; lastKnownFileType = sourcecode.c.h; path = FxJSON.h; sourceTree = "<group>"; };
		8250B41F1EADE210000F037A /* FxJSON.m */ = {isa = PBXFileReference; fileEncoding = 4; lastKnownFileType = sourcecode.c.objc; path = FxJSON.m; sourceTree = "<group>"; };
		8250B4201EADE210000F037A /* FxJsonBase.h */ = {isa = PBXFileReference; fileEncoding = 4; lastKnownFileType = sourcecode.c.h; path = FxJsonBase.h; sourceTree = "<group>"; };
		8250B4211EADE210000F037A /* FxJsonBase.m */ = {isa = PBXFileReference; fileEncoding = 4; lastKnownFileType = sourcecode.c.objc; path = FxJsonBase.m; sourceTree = "<group>"; };
		8250B4221EADE210000F037A /* FxJsonParser.h */ = {isa = PBXFileReference; fileEncoding = 4; lastKnownFileType = sourcecode.c.h; path = FxJsonParser.h; sourceTree = "<group>"; };
		8250B4231EADE210000F037A /* FxJsonParser.m */ = {isa = PBXFileReference; fileEncoding = 4; lastKnownFileType = sourcecode.c.objc; path = FxJsonParser.m; sourceTree = "<group>"; };
		8250B4241EADE210000F037A /* FxJsonUtility.h */ = {isa = PBXFileReference; fileEncoding = 4; lastKnownFileType = sourcecode.c.h; path = FxJsonUtility.h; sourceTree = "<group>"; };
		8250B4251EADE210000F037A /* FxJsonUtility.m */ = {isa = PBXFileReference; fileEncoding = 4; lastKnownFileType = sourcecode.c.objc; path = FxJsonUtility.m; sourceTree = "<group>"; };
		8250B4261EADE210000F037A /* FxJsonWriter.h */ = {isa = PBXFileReference; fileEncoding = 4; lastKnownFileType = sourcecode.c.h; path = FxJsonWriter.h; sourceTree = "<group>"; };
		8250B4271EADE210000F037A /* FxJsonWriter.m */ = {isa = PBXFileReference; fileEncoding = 4; lastKnownFileType = sourcecode.c.objc; path = FxJsonWriter.m; sourceTree = "<group>"; };
		8250B4321EAE11DE000F037A /* DAGlobal.h */ = {isa = PBXFileReference; fileEncoding = 4; lastKnownFileType = sourcecode.c.h; name = DAGlobal.h; path = Global/DAGlobal.h; sourceTree = "<group>"; };
		8250B4331EAE11DE000F037A /* DAGlobal.m */ = {isa = PBXFileReference; fileEncoding = 4; lastKnownFileType = sourcecode.c.objc; name = DAGlobal.m; path = Global/DAGlobal.m; sourceTree = "<group>"; };
		8250B4351EAE216F000F037A /* DAFileUtility.h */ = {isa = PBXFileReference; fileEncoding = 4; lastKnownFileType = sourcecode.c.h; path = DAFileUtility.h; sourceTree = "<group>"; };
		8250B4361EAE216F000F037A /* DAFileUtility.m */ = {isa = PBXFileReference; fileEncoding = 4; lastKnownFileType = sourcecode.c.objc; path = DAFileUtility.m; sourceTree = "<group>"; };
/* End PBXFileReference section */

/* Begin PBXFrameworksBuildPhase section */
		821F2DE61EAC4BF70098081F /* Frameworks */ = {
			isa = PBXFrameworksBuildPhase;
			buildActionMask = 2147483647;
			files = (
			);
			runOnlyForDeploymentPostprocessing = 0;
		};
		821F2DFF1EAC4BF70098081F /* Frameworks */ = {
			isa = PBXFrameworksBuildPhase;
			buildActionMask = 2147483647;
			files = (
			);
			runOnlyForDeploymentPostprocessing = 0;
		};
		821F2E0A1EAC4BF70098081F /* Frameworks */ = {
			isa = PBXFrameworksBuildPhase;
			buildActionMask = 2147483647;
			files = (
			);
			runOnlyForDeploymentPostprocessing = 0;
		};
/* End PBXFrameworksBuildPhase section */

/* Begin PBXGroup section */
		820CA7801EB052CB006832B5 /* Background */ = {
			isa = PBXGroup;
			children = (
				820CA7851EB0539F006832B5 /* Icon60@2x.png */,
				820CA7861EB0539F006832B5 /* NewsDefault@2x.png */,
				820CA7871EB0539F006832B5 /* WeatherBack@2x.png */,
				820CA7881EB0539F006832B5 /* WeatherLocation@2x.png */,
				820CA7891EB0539F006832B5 /* WeatherShare@2x.png */,
			);
			name = Background;
			sourceTree = "<group>";
		};
		820CA7811EB052E5006832B5 /* ColumnBar */ = {
			isa = PBXGroup;
			children = (
				820CA78F1EB053AB006832B5 /* ColumnBarLeft@2x.png */,
				820CA7901EB053AB006832B5 /* ColumnBarRight@2x.png */,
			);
			name = ColumnBar;
			sourceTree = "<group>";
		};
		820CA7821EB05307006832B5 /* Login */ = {
			isa = PBXGroup;
			children = (
				820CA7931EB053B5006832B5 /* account_snslogin_icon_1@2x.png */,
				820CA7941EB053B5006832B5 /* account_snslogin_icon_3@2x.png */,
				820CA7951EB053B5006832B5 /* home_page_line_vertical@2x.png */,
				820CA7961EB053B5006832B5 /* login_button@2x.png */,
				820CA7971EB053B5006832B5 /* login_forgot_button@2x.png */,
				820CA7981EB053B5006832B5 /* login_password_icon@2x.png */,
				820CA7991EB053B5006832B5 /* login_username_icon@2x.png */,
			);
			name = Login;
			sourceTree = "<group>";
		};
		820CA7831EB0530F006832B5 /* NavBar */ = {
			isa = PBXGroup;
			children = (
				820CA7A11EB053C1006832B5 /* NavBarAlpha.png */,
				820CA7A21EB053C1006832B5 /* NavBarIcon@2x.png */,
				820CA7A31EB053C1006832B5 /* NavBarWhite44@2x.png */,
				820CA7A41EB053C1006832B5 /* NavBarWhite64@2x.png */,
				820CA7A51EB053C1006832B5 /* NavigationBack@2x.png */,
				820CA7A61EB053C1006832B5 /* NavigationBackBlack@2x.png */,
				820CA7A71EB053C1006832B5 /* NavigationBar44@2x.png */,
				820CA7A81EB053C1006832B5 /* NavigationBar64@2x.png */,
				820CA7A91EB053C1006832B5 /* NavigationBell@2x.png */,
				820CA7AA1EB053C1006832B5 /* NavigationSquare@2x.png */,
			);
			name = NavBar;
			sourceTree = "<group>";
		};
		820CA7841EB05317006832B5 /* TabBar */ = {
			isa = PBXGroup;
			children = (
				820CA7B51EB053CB006832B5 /* DiscoveryIcon@2x.png */,
				820CA7B61EB053CB006832B5 /* DiscoveryIconSelect@2x.png */,
				820CA7B71EB053CB006832B5 /* MyIcon@2x.png */,
				820CA7B81EB053CB006832B5 /* MyIconSelect@2x.png */,
				820CA7B91EB053CB006832B5 /* NewsIcon@2x.png */,
				820CA7BA1EB053CB006832B5 /* NewsIconSelect@2x.png */,
				820CA7BB1EB053CB006832B5 /* ReaderIcon@2x.png */,
				820CA7BC1EB053CB006832B5 /* ReaderIconSelect@2x.png */,
				820CA7BD1EB053CB006832B5 /* tabbar_icon_media_highlight@2x.png */,
				820CA7BE1EB053CB006832B5 /* tabbar_icon_media_normal@2x.png */,
				820CA7BF1EB053CB006832B5 /* TabBarShadow@2x.png */,
				820CA7C01EB053CB006832B5 /* VoiceIcon@2x.png */,
				820CA7C11EB053CB006832B5 /* VoiceIconSelect@2x.png */,
			);
			name = TabBar;
			sourceTree = "<group>";
		};
		821F2DE01EAC4BF70098081F = {
			isa = PBXGroup;
			children = (
				821F2E1F1EAC4CF20098081F /* Readme */,
				821F2DEB1EAC4BF70098081F /* DesignAliance */,
				821F2E051EAC4BF70098081F /* DesignAlianceTests */,
				821F2E101EAC4BF70098081F /* DesignAlianceUITests */,
				821F2DEA1EAC4BF70098081F /* Products */,
			);
			sourceTree = "<group>";
		};
		821F2DEA1EAC4BF70098081F /* Products */ = {
			isa = PBXGroup;
			children = (
				821F2DE91EAC4BF70098081F /* DesignAliance.app */,
				821F2E021EAC4BF70098081F /* DesignAlianceTests.xctest */,
				821F2E0D1EAC4BF70098081F /* DesignAlianceUITests.xctest */,
			);
			name = Products;
			sourceTree = "<group>";
		};
		821F2DEB1EAC4BF70098081F /* DesignAliance */ = {
			isa = PBXGroup;
			children = (
				821F2E201EAC4DAB0098081F /* Global */,
				821F2E221EAC4DCF0098081F /* Model */,
				821F2E211EAC4DB80098081F /* Controller */,
				821F2E231EAC4DDA0098081F /* Operation */,
				821F2E241EAC4E340098081F /* DB */,
				821F2E251EAC4E5E0098081F /* Utility */,
				821F2E261EAC4E740098081F /* ThirdSDK */,
				821F2E4A1EAC90100098081F /* Define */,
				821F2DEF1EAC4BF70098081F /* AppDelegate.h */,
				821F2DF01EAC4BF70098081F /* AppDelegate.m */,
				821F2E271EAC4E7F0098081F /* Resources */,
				821F2DEC1EAC4BF70098081F /* Supporting Files */,
			);
			path = DesignAliance;
			sourceTree = "<group>";
		};
		821F2DEC1EAC4BF70098081F /* Supporting Files */ = {
			isa = PBXGroup;
			children = (
				821F2DFD1EAC4BF70098081F /* Info.plist */,
				821F2DED1EAC4BF70098081F /* main.m */,
				821F2E4B1EAC91E50098081F /* DesignAliance-Prefix.pch */,
			);
			name = "Supporting Files";
			sourceTree = "<group>";
		};
		821F2E051EAC4BF70098081F /* DesignAlianceTests */ = {
			isa = PBXGroup;
			children = (
				821F2E061EAC4BF70098081F /* DesignAlianceTests.m */,
				821F2E081EAC4BF70098081F /* Info.plist */,
			);
			path = DesignAlianceTests;
			sourceTree = "<group>";
		};
		821F2E101EAC4BF70098081F /* DesignAlianceUITests */ = {
			isa = PBXGroup;
			children = (
				821F2E111EAC4BF70098081F /* DesignAlianceUITests.m */,
				821F2E131EAC4BF70098081F /* Info.plist */,
			);
			path = DesignAlianceUITests;
			sourceTree = "<group>";
		};
		821F2E201EAC4DAB0098081F /* Global */ = {
			isa = PBXGroup;
			children = (
				8250B4321EAE11DE000F037A /* DAGlobal.h */,
				8250B4331EAE11DE000F037A /* DAGlobal.m */,
			);
			name = Global;
			sourceTree = "<group>";
		};
		821F2E211EAC4DB80098081F /* Controller */ = {
			isa = PBXGroup;
			children = (
				821F2E541EACB7CF0098081F /* DABaseController.h */,
				821F2E551EACB7CF0098081F /* DABaseController.m */,
				821F2E631EACBB5D0098081F /* page */,
				821F2E2B1EAC4FA30098081F /* Cell */,
				821F2E2A1EAC4F980098081F /* Widget */,
			);
			path = Controller;
			sourceTree = "<group>";
		};
		821F2E221EAC4DCF0098081F /* Model */ = {
			isa = PBXGroup;
			children = (
				821F2E5D1EACB9850098081F /* DABaseModel.h */,
				821F2E5E1EACB9850098081F /* DABaseModel.m */,
				820CA7751EB03418006832B5 /* UserModel.h */,
				820CA7761EB03418006832B5 /* UserModel.m */,
			);
			path = Model;
			sourceTree = "<group>";
		};
		821F2E231EAC4DDA0098081F /* Operation */ = {
			isa = PBXGroup;
			children = (
				821F2E7F1EACCC460098081F /* DABaseOperation.h */,
				821F2E801EACCC460098081F /* DABaseOperation.m */,
				820CA7781EB0368A006832B5 /* DALogin.h */,
				820CA7791EB0368A006832B5 /* DALogin.m */,
			);
			name = Operation;
			path = Network;
			sourceTree = "<group>";
		};
		821F2E241EAC4E340098081F /* DB */ = {
			isa = PBXGroup;
			children = (
			);
			path = DB;
			sourceTree = "<group>";
		};
		821F2E251EAC4E5E0098081F /* Utility */ = {
			isa = PBXGroup;
			children = (
				8250B4351EAE216F000F037A /* DAFileUtility.h */,
				8250B4361EAE216F000F037A /* DAFileUtility.m */,
				820CA7611EAF0DFF006832B5 /* DAActivity.h */,
				820CA7621EAF0DFF006832B5 /* DAActivity.m */,
				820CA7641EAF2178006832B5 /* DAActivityIndicator.h */,
				820CA7651EAF2178006832B5 /* DAActivityIndicator.m */,
			);
			path = Utility;
			sourceTree = "<group>";
		};
		821F2E261EAC4E740098081F /* ThirdSDK */ = {
			isa = PBXGroup;
			children = (
				8250B40E1EADDD2C000F037A /* JsonFramework */,
			);
			path = ThirdSDK;
			sourceTree = "<group>";
		};
		821F2E271EAC4E7F0098081F /* Resources */ = {
			isa = PBXGroup;
			children = (
				821F2E2C1EAC4FB80098081F /* Config */,
				821F2E2D1EAC4FBF0098081F /* Image */,
				821F2E2E1EAC4FD30098081F /* Xib */,
			);
			path = Resources;
			sourceTree = "<group>";
		};
		821F2E2A1EAC4F980098081F /* Widget */ = {
			isa = PBXGroup;
			children = (
				821F2E571EACB80B0098081F /* DABaseWidget.h */,
				821F2E581EACB80B0098081F /* DABaseWidget.m */,
			);
			name = Widget;
			sourceTree = "<group>";
		};
		821F2E2B1EAC4FA30098081F /* Cell */ = {
			isa = PBXGroup;
			children = (
				821F2E5A1EACB8250098081F /* DABaseCell.h */,
				821F2E5B1EACB8250098081F /* DABaseCell.m */,
			);
			name = Cell;
			sourceTree = "<group>";
		};
		821F2E2C1EAC4FB80098081F /* Config */ = {
			isa = PBXGroup;
			children = (
			);
			path = Config;
			sourceTree = "<group>";
		};
		821F2E2D1EAC4FBF0098081F /* Image */ = {
			isa = PBXGroup;
			children = (
				820CA7841EB05317006832B5 /* TabBar */,
				820CA7831EB0530F006832B5 /* NavBar */,
				820CA7821EB05307006832B5 /* Login */,
				820CA7811EB052E5006832B5 /* ColumnBar */,
				820CA7801EB052CB006832B5 /* Background */,
				820CA7691EAF5296006832B5 /* Assets.xcassets */,
			);
			path = Image;
			sourceTree = "<group>";
		};
		821F2E2E1EAC4FD30098081F /* Xib */ = {
			isa = PBXGroup;
			children = (
				821F2E501EAC990F0098081F /* Main.storyboard */,
				820CA77E1EB0389E006832B5 /* LoginPage.xib */,
			);
			path = Xib;
			sourceTree = "<group>";
		};
		821F2E4A1EAC90100098081F /* Define */ = {
			isa = PBXGroup;
			children = (
				821F2E281EAC4F060098081F /* Defines.h */,
				821F2E711EACBD8E0098081F /* URLDefine.h */,
			);
			path = Define;
			sourceTree = "<group>";
		};
		821F2E631EACBB5D0098081F /* page */ = {
			isa = PBXGroup;
			children = (
				821F2E6E1EACBBEB0098081F /* HomePage.h */,
				821F2E6F1EACBBEB0098081F /* HomePage.m */,
				820CA7D21EB0B8C3006832B5 /* LoginPage.h */,
				820CA7D31EB0B8C3006832B5 /* LoginPage.m */,
				820CA7D81EB0BE95006832B5 /* DABasePage.h */,
				820CA7D91EB0BE95006832B5 /* DABasePage.m */,
			);
			path = page;
			sourceTree = "<group>";
		};
		8250B40E1EADDD2C000F037A /* JsonFramework */ = {
			isa = PBXGroup;
			children = (
				8250B41E1EADE210000F037A /* FxJSON.h */,
				8250B41F1EADE210000F037A /* FxJSON.m */,
				8250B4201EADE210000F037A /* FxJsonBase.h */,
				8250B4211EADE210000F037A /* FxJsonBase.m */,
				8250B4221EADE210000F037A /* FxJsonParser.h */,
				8250B4231EADE210000F037A /* FxJsonParser.m */,
				8250B4241EADE210000F037A /* FxJsonUtility.h */,
				8250B4251EADE210000F037A /* FxJsonUtility.m */,
				8250B4261EADE210000F037A /* FxJsonWriter.h */,
				8250B4271EADE210000F037A /* FxJsonWriter.m */,
			);
			path = JsonFramework;
			sourceTree = "<group>";
		};
/* End PBXGroup section */

/* Begin PBXNativeTarget section */
		821F2DE81EAC4BF70098081F /* DesignAliance */ = {
			isa = PBXNativeTarget;
			buildConfigurationList = 821F2E161EAC4BF70098081F /* Build configuration list for PBXNativeTarget "DesignAliance" */;
			buildPhases = (
				821F2DE61EAC4BF70098081F /* Frameworks */,
				821F2DE51EAC4BF70098081F /* Sources */,
				821F2DE71EAC4BF70098081F /* Resources */,
			);
			buildRules = (
			);
			dependencies = (
			);
			name = DesignAliance;
			productName = DesignAliance;
			productReference = 821F2DE91EAC4BF70098081F /* DesignAliance.app */;
			productType = "com.apple.product-type.application";
		};
		821F2E011EAC4BF70098081F /* DesignAlianceTests */ = {
			isa = PBXNativeTarget;
			buildConfigurationList = 821F2E191EAC4BF70098081F /* Build configuration list for PBXNativeTarget "DesignAlianceTests" */;
			buildPhases = (
				821F2DFE1EAC4BF70098081F /* Sources */,
				821F2DFF1EAC4BF70098081F /* Frameworks */,
				821F2E001EAC4BF70098081F /* Resources */,
			);
			buildRules = (
			);
			dependencies = (
				821F2E041EAC4BF70098081F /* PBXTargetDependency */,
			);
			name = DesignAlianceTests;
			productName = DesignAlianceTests;
			productReference = 821F2E021EAC4BF70098081F /* DesignAlianceTests.xctest */;
			productType = "com.apple.product-type.bundle.unit-test";
		};
		821F2E0C1EAC4BF70098081F /* DesignAlianceUITests */ = {
			isa = PBXNativeTarget;
			buildConfigurationList = 821F2E1C1EAC4BF70098081F /* Build configuration list for PBXNativeTarget "DesignAlianceUITests" */;
			buildPhases = (
				821F2E091EAC4BF70098081F /* Sources */,
				821F2E0A1EAC4BF70098081F /* Frameworks */,
				821F2E0B1EAC4BF70098081F /* Resources */,
			);
			buildRules = (
			);
			dependencies = (
				821F2E0F1EAC4BF70098081F /* PBXTargetDependency */,
			);
			name = DesignAlianceUITests;
			productName = DesignAlianceUITests;
			productReference = 821F2E0D1EAC4BF70098081F /* DesignAlianceUITests.xctest */;
			productType = "com.apple.product-type.bundle.ui-testing";
		};
/* End PBXNativeTarget section */

/* Begin PBXProject section */
		821F2DE11EAC4BF70098081F /* Project object */ = {
			isa = PBXProject;
			attributes = {
				LastUpgradeCheck = 0820;
				ORGANIZATIONNAME = zues;
				TargetAttributes = {
					821F2DE81EAC4BF70098081F = {
						CreatedOnToolsVersion = 8.2;
						DevelopmentTeam = TGSY8NT3H9;
						ProvisioningStyle = Automatic;
					};
					821F2E011EAC4BF70098081F = {
						CreatedOnToolsVersion = 8.2;
						DevelopmentTeam = TGSY8NT3H9;
						ProvisioningStyle = Automatic;
						TestTargetID = 821F2DE81EAC4BF70098081F;
					};
					821F2E0C1EAC4BF70098081F = {
						CreatedOnToolsVersion = 8.2;
						DevelopmentTeam = TGSY8NT3H9;
						ProvisioningStyle = Automatic;
						TestTargetID = 821F2DE81EAC4BF70098081F;
					};
				};
			};
			buildConfigurationList = 821F2DE41EAC4BF70098081F /* Build configuration list for PBXProject "DesignAliance" */;
			compatibilityVersion = "Xcode 3.2";
			developmentRegion = English;
			hasScannedForEncodings = 0;
			knownRegions = (
				en,
				Base,
			);
			mainGroup = 821F2DE01EAC4BF70098081F;
			productRefGroup = 821F2DEA1EAC4BF70098081F /* Products */;
			projectDirPath = "";
			projectRoot = "";
			targets = (
				821F2DE81EAC4BF70098081F /* DesignAliance */,
				821F2E011EAC4BF70098081F /* DesignAlianceTests */,
				821F2E0C1EAC4BF70098081F /* DesignAlianceUITests */,
			);
		};
/* End PBXProject section */

/* Begin PBXResourcesBuildPhase section */
		821F2DE71EAC4BF70098081F /* Resources */ = {
			isa = PBXResourcesBuildPhase;
			buildActionMask = 2147483647;
			files = (
				820CA79B1EB053B5006832B5 /* account_snslogin_icon_3@2x.png in Resources */,
				820CA7B41EB053C1006832B5 /* NavigationSquare@2x.png in Resources */,
				820CA7CE1EB053CB006832B5 /* VoiceIconSelect@2x.png in Resources */,
				820CA7AB1EB053C1006832B5 /* NavBarAlpha.png in Resources */,
				821F2E521EAC990F0098081F /* Main.storyboard in Resources */,
				820CA79D1EB053B5006832B5 /* login_button@2x.png in Resources */,
				820CA7CB1EB053CB006832B5 /* tabbar_icon_media_normal@2x.png in Resources */,
				820CA7C21EB053CB006832B5 /* DiscoveryIcon@2x.png in Resources */,
				820CA77F1EB0389E006832B5 /* LoginPage.xib in Resources */,
				820CA7C81EB053CB006832B5 /* ReaderIcon@2x.png in Resources */,
				821F2E841EAD8E200098081F /* JsonFramework in Resources */,
				820CA7C31EB053CB006832B5 /* DiscoveryIconSelect@2x.png in Resources */,
				820CA78A1EB0539F006832B5 /* Icon60@2x.png in Resources */,
				820CA7921EB053AB006832B5 /* ColumnBarRight@2x.png in Resources */,
				820CA7CA1EB053CB006832B5 /* tabbar_icon_media_highlight@2x.png in Resources */,
				820CA78E1EB0539F006832B5 /* WeatherShare@2x.png in Resources */,
				820CA78D1EB0539F006832B5 /* WeatherLocation@2x.png in Resources */,
				820CA79C1EB053B5006832B5 /* home_page_line_vertical@2x.png in Resources */,
				820CA7C71EB053CB006832B5 /* NewsIconSelect@2x.png in Resources */,
				820CA76F1EAF5296006832B5 /* Assets.xcassets in Resources */,
				820CA7A01EB053B5006832B5 /* login_username_icon@2x.png in Resources */,
				820CA7CD1EB053CB006832B5 /* VoiceIcon@2x.png in Resources */,
				820CA7AC1EB053C1006832B5 /* NavBarIcon@2x.png in Resources */,
				820CA7B21EB053C1006832B5 /* NavigationBar64@2x.png in Resources */,
				820CA79E1EB053B5006832B5 /* login_forgot_button@2x.png in Resources */,
				820CA7AD1EB053C1006832B5 /* NavBarWhite44@2x.png in Resources */,
				820CA7C41EB053CB006832B5 /* MyIcon@2x.png in Resources */,
				820CA7CC1EB053CB006832B5 /* TabBarShadow@2x.png in Resources */,
				820CA7AE1EB053C1006832B5 /* NavBarWhite64@2x.png in Resources */,
				820CA79A1EB053B5006832B5 /* account_snslogin_icon_1@2x.png in Resources */,
				820CA7C61EB053CB006832B5 /* NewsIcon@2x.png in Resources */,
				820CA79F1EB053B5006832B5 /* login_password_icon@2x.png in Resources */,
				820CA7B11EB053C1006832B5 /* NavigationBar44@2x.png in Resources */,
				820CA78B1EB0539F006832B5 /* NewsDefault@2x.png in Resources */,
				820CA7B31EB053C1006832B5 /* NavigationBell@2x.png in Resources */,
				820CA7AF1EB053C1006832B5 /* NavigationBack@2x.png in Resources */,
				820CA7B01EB053C1006832B5 /* NavigationBackBlack@2x.png in Resources */,
				820CA7C91EB053CB006832B5 /* ReaderIconSelect@2x.png in Resources */,
				820CA78C1EB0539F006832B5 /* WeatherBack@2x.png in Resources */,
				820CA7911EB053AB006832B5 /* ColumnBarLeft@2x.png in Resources */,
				820CA7C51EB053CB006832B5 /* MyIconSelect@2x.png in Resources */,
			);
			runOnlyForDeploymentPostprocessing = 0;
		};
		821F2E001EAC4BF70098081F /* Resources */ = {
			isa = PBXResourcesBuildPhase;
			buildActionMask = 2147483647;
			files = (
			);
			runOnlyForDeploymentPostprocessing = 0;
		};
		821F2E0B1EAC4BF70098081F /* Resources */ = {
			isa = PBXResourcesBuildPhase;
			buildActionMask = 2147483647;
			files = (
			);
			runOnlyForDeploymentPostprocessing = 0;
		};
/* End PBXResourcesBuildPhase section */

/* Begin PBXSourcesBuildPhase section */
		821F2DE51EAC4BF70098081F /* Sources */ = {
			isa = PBXSourcesBuildPhase;
			buildActionMask = 2147483647;
			files = (
				821F2E561EACB7CF0098081F /* DABaseController.m in Sources */,
				821F2E811EACCC460098081F /* DABaseOperation.m in Sources */,
				8250B4371EAE216F000F037A /* DAFileUtility.m in Sources */,
				821F2E5F1EACB9850098081F /* DABaseModel.m in Sources */,
				821F2E701EACBBEB0098081F /* HomePage.m in Sources */,
				821F2E591EACB80B0098081F /* DABaseWidget.m in Sources */,
				820CA7661EAF2178006832B5 /* DAActivityIndicator.m in Sources */,
				820CA7631EAF0DFF006832B5 /* DAActivity.m in Sources */,
				821F2E5C1EACB8250098081F /* DABaseCell.m in Sources */,
				820CA77A1EB0368A006832B5 /* DALogin.m in Sources */,
				8250B42A1EADE210000F037A /* FxJsonParser.m in Sources */,
				8250B4341EAE11DE000F037A /* DAGlobal.m in Sources */,
				8250B4281EADE210000F037A /* FxJSON.m in Sources */,
				8250B4291EADE210000F037A /* FxJsonBase.m in Sources */,
				820CA7D41EB0B8C3006832B5 /* LoginPage.m in Sources */,
				820CA7DA1EB0BE95006832B5 /* DABasePage.m in Sources */,
				821F2DF11EAC4BF70098081F /* AppDelegate.m in Sources */,
				821F2DEE1EAC4BF70098081F /* main.m in Sources */,
				820CA7771EB03418006832B5 /* UserModel.m in Sources */,
				8250B42B1EADE211000F037A /* FxJsonUtility.m in Sources */,
				8250B42C1EADE211000F037A /* FxJsonWriter.m in Sources */,
			);
			runOnlyForDeploymentPostprocessing = 0;
		};
		821F2DFE1EAC4BF70098081F /* Sources */ = {
			isa = PBXSourcesBuildPhase;
			buildActionMask = 2147483647;
			files = (
				821F2E071EAC4BF70098081F /* DesignAlianceTests.m in Sources */,
			);
			runOnlyForDeploymentPostprocessing = 0;
		};
		821F2E091EAC4BF70098081F /* Sources */ = {
			isa = PBXSourcesBuildPhase;
			buildActionMask = 2147483647;
			files = (
				821F2E121EAC4BF70098081F /* DesignAlianceUITests.m in Sources */,
			);
			runOnlyForDeploymentPostprocessing = 0;
		};
/* End PBXSourcesBuildPhase section */

/* Begin PBXTargetDependency section */
		821F2E041EAC4BF70098081F /* PBXTargetDependency */ = {
			isa = PBXTargetDependency;
			target = 821F2DE81EAC4BF70098081F /* DesignAliance */;
			targetProxy = 821F2E031EAC4BF70098081F /* PBXContainerItemProxy */;
		};
		821F2E0F1EAC4BF70098081F /* PBXTargetDependency */ = {
			isa = PBXTargetDependency;
			target = 821F2DE81EAC4BF70098081F /* DesignAliance */;
			targetProxy = 821F2E0E1EAC4BF70098081F /* PBXContainerItemProxy */;
		};
/* End PBXTargetDependency section */

/* Begin XCBuildConfiguration section */
		821F2E141EAC4BF70098081F /* Debug */ = {
			isa = XCBuildConfiguration;
			buildSettings = {
				ALWAYS_SEARCH_USER_PATHS = NO;
				CLANG_ANALYZER_NONNULL = YES;
				CLANG_CXX_LANGUAGE_STANDARD = "gnu++0x";
				CLANG_CXX_LIBRARY = "libc++";
				CLANG_ENABLE_MODULES = YES;
				CLANG_ENABLE_OBJC_ARC = YES;
				CLANG_WARN_BOOL_CONVERSION = YES;
				CLANG_WARN_CONSTANT_CONVERSION = YES;
				CLANG_WARN_DIRECT_OBJC_ISA_USAGE = YES_ERROR;
				CLANG_WARN_DOCUMENTATION_COMMENTS = YES;
				CLANG_WARN_EMPTY_BODY = YES;
				CLANG_WARN_ENUM_CONVERSION = YES;
				CLANG_WARN_INFINITE_RECURSION = YES;
				CLANG_WARN_INT_CONVERSION = YES;
				CLANG_WARN_OBJC_ROOT_CLASS = YES_ERROR;
				CLANG_WARN_SUSPICIOUS_MOVE = YES;
				CLANG_WARN_UNREACHABLE_CODE = YES;
				CLANG_WARN__DUPLICATE_METHOD_MATCH = YES;
				"CODE_SIGN_IDENTITY[sdk=iphoneos*]" = "iPhone Developer";
				COPY_PHASE_STRIP = NO;
				DEBUG_INFORMATION_FORMAT = dwarf;
				ENABLE_STRICT_OBJC_MSGSEND = YES;
				ENABLE_TESTABILITY = YES;
				GCC_C_LANGUAGE_STANDARD = gnu99;
				GCC_DYNAMIC_NO_PIC = NO;
				GCC_NO_COMMON_BLOCKS = YES;
				GCC_OPTIMIZATION_LEVEL = 0;
				GCC_PREPROCESSOR_DEFINITIONS = (
					"DEBUG=1",
					"$(inherited)",
				);
				GCC_WARN_64_TO_32_BIT_CONVERSION = YES;
				GCC_WARN_ABOUT_RETURN_TYPE = YES_ERROR;
				GCC_WARN_UNDECLARED_SELECTOR = YES;
				GCC_WARN_UNINITIALIZED_AUTOS = YES_AGGRESSIVE;
				GCC_WARN_UNUSED_FUNCTION = YES;
				GCC_WARN_UNUSED_VARIABLE = YES;
				IPHONEOS_DEPLOYMENT_TARGET = 10.2;
				MTL_ENABLE_DEBUG_INFO = YES;
				ONLY_ACTIVE_ARCH = YES;
				SDKROOT = iphoneos;
			};
			name = Debug;
		};
		821F2E151EAC4BF70098081F /* Release */ = {
			isa = XCBuildConfiguration;
			buildSettings = {
				ALWAYS_SEARCH_USER_PATHS = NO;
				CLANG_ANALYZER_NONNULL = YES;
				CLANG_CXX_LANGUAGE_STANDARD = "gnu++0x";
				CLANG_CXX_LIBRARY = "libc++";
				CLANG_ENABLE_MODULES = YES;
				CLANG_ENABLE_OBJC_ARC = YES;
				CLANG_WARN_BOOL_CONVERSION = YES;
				CLANG_WARN_CONSTANT_CONVERSION = YES;
				CLANG_WARN_DIRECT_OBJC_ISA_USAGE = YES_ERROR;
				CLANG_WARN_DOCUMENTATION_COMMENTS = YES;
				CLANG_WARN_EMPTY_BODY = YES;
				CLANG_WARN_ENUM_CONVERSION = YES;
				CLANG_WARN_INFINITE_RECURSION = YES;
				CLANG_WARN_INT_CONVERSION = YES;
				CLANG_WARN_OBJC_ROOT_CLASS = YES_ERROR;
				CLANG_WARN_SUSPICIOUS_MOVE = YES;
				CLANG_WARN_UNREACHABLE_CODE = YES;
				CLANG_WARN__DUPLICATE_METHOD_MATCH = YES;
				"CODE_SIGN_IDENTITY[sdk=iphoneos*]" = "iPhone Developer";
				COPY_PHASE_STRIP = NO;
				DEBUG_INFORMATION_FORMAT = "dwarf-with-dsym";
				ENABLE_NS_ASSERTIONS = NO;
				ENABLE_STRICT_OBJC_MSGSEND = YES;
				GCC_C_LANGUAGE_STANDARD = gnu99;
				GCC_NO_COMMON_BLOCKS = YES;
				GCC_WARN_64_TO_32_BIT_CONVERSION = YES;
				GCC_WARN_ABOUT_RETURN_TYPE = YES_ERROR;
				GCC_WARN_UNDECLARED_SELECTOR = YES;
				GCC_WARN_UNINITIALIZED_AUTOS = YES_AGGRESSIVE;
				GCC_WARN_UNUSED_FUNCTION = YES;
				GCC_WARN_UNUSED_VARIABLE = YES;
				IPHONEOS_DEPLOYMENT_TARGET = 10.2;
				MTL_ENABLE_DEBUG_INFO = NO;
				SDKROOT = iphoneos;
				VALIDATE_PRODUCT = YES;
			};
			name = Release;
		};
		821F2E171EAC4BF70098081F /* Debug */ = {
			isa = XCBuildConfiguration;
			buildSettings = {
				ASSETCATALOG_COMPILER_APPICON_NAME = AppIcon;
				ASSETCATALOG_COMPILER_LAUNCHIMAGE_NAME = LaunchImage;
				DEVELOPMENT_TEAM = TGSY8NT3H9;
				GCC_PREFIX_HEADER = "DesignAliance/DesignAliance-Prefix.pch";
				INFOPLIST_FILE = DesignAliance/Info.plist;
				LD_RUNPATH_SEARCH_PATHS = "$(inherited) @executable_path/Frameworks";
				PRODUCT_BUNDLE_IDENTIFIER = com.snowwolf.DesignAliance;
				PRODUCT_NAME = "$(TARGET_NAME)";
			};
			name = Debug;
		};
		821F2E181EAC4BF70098081F /* Release */ = {
			isa = XCBuildConfiguration;
			buildSettings = {
				ASSETCATALOG_COMPILER_APPICON_NAME = AppIcon;
				ASSETCATALOG_COMPILER_LAUNCHIMAGE_NAME = LaunchImage;
				DEVELOPMENT_TEAM = TGSY8NT3H9;
				GCC_PREFIX_HEADER = "DesignAliance/DesignAliance-Prefix.pch";
				INFOPLIST_FILE = DesignAliance/Info.plist;
				LD_RUNPATH_SEARCH_PATHS = "$(inherited) @executable_path/Frameworks";
				PRODUCT_BUNDLE_IDENTIFIER = com.snowwolf.DesignAliance;
				PRODUCT_NAME = "$(TARGET_NAME)";
			};
			name = Release;
		};
		821F2E1A1EAC4BF70098081F /* Debug */ = {
			isa = XCBuildConfiguration;
			buildSettings = {
				BUNDLE_LOADER = "$(TEST_HOST)";
				DEVELOPMENT_TEAM = TGSY8NT3H9;
				INFOPLIST_FILE = DesignAlianceTests/Info.plist;
				LD_RUNPATH_SEARCH_PATHS = "$(inherited) @executable_path/Frameworks @loader_path/Frameworks";
				PRODUCT_BUNDLE_IDENTIFIER = com.snowwolf.DesignAlianceTests;
				PRODUCT_NAME = "$(TARGET_NAME)";
				TEST_HOST = "$(BUILT_PRODUCTS_DIR)/DesignAliance.app/DesignAliance";
			};
			name = Debug;
		};
		821F2E1B1EAC4BF70098081F /* Release */ = {
			isa = XCBuildConfiguration;
			buildSettings = {
				BUNDLE_LOADER = "$(TEST_HOST)";
				DEVELOPMENT_TEAM = TGSY8NT3H9;
				INFOPLIST_FILE = DesignAlianceTests/Info.plist;
				LD_RUNPATH_SEARCH_PATHS = "$(inherited) @executable_path/Frameworks @loader_path/Frameworks";
				PRODUCT_BUNDLE_IDENTIFIER = com.snowwolf.DesignAlianceTests;
				PRODUCT_NAME = "$(TARGET_NAME)";
				TEST_HOST = "$(BUILT_PRODUCTS_DIR)/DesignAliance.app/DesignAliance";
			};
			name = Release;
		};
		821F2E1D1EAC4BF70098081F /* Debug */ = {
			isa = XCBuildConfiguration;
			buildSettings = {
				DEVELOPMENT_TEAM = TGSY8NT3H9;
				INFOPLIST_FILE = DesignAlianceUITests/Info.plist;
				LD_RUNPATH_SEARCH_PATHS = "$(inherited) @executable_path/Frameworks @loader_path/Frameworks";
				PRODUCT_BUNDLE_IDENTIFIER = com.snowwolf.DesignAlianceUITests;
				PRODUCT_NAME = "$(TARGET_NAME)";
				TEST_TARGET_NAME = DesignAliance;
			};
			name = Debug;
		};
		821F2E1E1EAC4BF70098081F /* Release */ = {
			isa = XCBuildConfiguration;
			buildSettings = {
				DEVELOPMENT_TEAM = TGSY8NT3H9;
				INFOPLIST_FILE = DesignAlianceUITests/Info.plist;
				LD_RUNPATH_SEARCH_PATHS = "$(inherited) @executable_path/Frameworks @loader_path/Frameworks";
				PRODUCT_BUNDLE_IDENTIFIER = com.snowwolf.DesignAlianceUITests;
				PRODUCT_NAME = "$(TARGET_NAME)";
				TEST_TARGET_NAME = DesignAliance;
			};
			name = Release;
		};
		821F2E731EACC9B60098081F /* AppStore */ = {
			isa = XCBuildConfiguration;
			buildSettings = {
				ALWAYS_SEARCH_USER_PATHS = NO;
				CLANG_ANALYZER_NONNULL = YES;
				CLANG_CXX_LANGUAGE_STANDARD = "gnu++0x";
				CLANG_CXX_LIBRARY = "libc++";
				CLANG_ENABLE_MODULES = YES;
				CLANG_ENABLE_OBJC_ARC = YES;
				CLANG_WARN_BOOL_CONVERSION = YES;
				CLANG_WARN_CONSTANT_CONVERSION = YES;
				CLANG_WARN_DIRECT_OBJC_ISA_USAGE = YES_ERROR;
				CLANG_WARN_DOCUMENTATION_COMMENTS = YES;
				CLANG_WARN_EMPTY_BODY = YES;
				CLANG_WARN_ENUM_CONVERSION = YES;
				CLANG_WARN_INFINITE_RECURSION = YES;
				CLANG_WARN_INT_CONVERSION = YES;
				CLANG_WARN_OBJC_ROOT_CLASS = YES_ERROR;
				CLANG_WARN_SUSPICIOUS_MOVE = YES;
				CLANG_WARN_UNREACHABLE_CODE = YES;
				CLANG_WARN__DUPLICATE_METHOD_MATCH = YES;
				"CODE_SIGN_IDENTITY[sdk=iphoneos*]" = "iPhone Developer";
				COPY_PHASE_STRIP = NO;
				DEBUG_INFORMATION_FORMAT = "dwarf-with-dsym";
				ENABLE_NS_ASSERTIONS = NO;
				ENABLE_STRICT_OBJC_MSGSEND = YES;
				GCC_C_LANGUAGE_STANDARD = gnu99;
				GCC_NO_COMMON_BLOCKS = YES;
				GCC_WARN_64_TO_32_BIT_CONVERSION = YES;
				GCC_WARN_ABOUT_RETURN_TYPE = YES_ERROR;
				GCC_WARN_UNDECLARED_SELECTOR = YES;
				GCC_WARN_UNINITIALIZED_AUTOS = YES_AGGRESSIVE;
				GCC_WARN_UNUSED_FUNCTION = YES;
				GCC_WARN_UNUSED_VARIABLE = YES;
				IPHONEOS_DEPLOYMENT_TARGET = 10.2;
				MTL_ENABLE_DEBUG_INFO = NO;
				SDKROOT = iphoneos;
				VALIDATE_PRODUCT = YES;
			};
			name = AppStore;
		};
		821F2E741EACC9B60098081F /* AppStore */ = {
			isa = XCBuildConfiguration;
			buildSettings = {
				ASSETCATALOG_COMPILER_APPICON_NAME = AppIcon;
				ASSETCATALOG_COMPILER_LAUNCHIMAGE_NAME = LaunchImage;
				DEVELOPMENT_TEAM = TGSY8NT3H9;
				GCC_PREFIX_HEADER = "DesignAliance/DesignAliance-Prefix.pch";
				GCC_PREPROCESSOR_DEFINITIONS = "OFFICIAL=1";
				INFOPLIST_FILE = DesignAliance/Info.plist;
				LD_RUNPATH_SEARCH_PATHS = "$(inherited) @executable_path/Frameworks";
				PRODUCT_BUNDLE_IDENTIFIER = com.snowwolf.DesignAliance;
				PRODUCT_NAME = "$(TARGET_NAME)";
			};
			name = AppStore;
		};
		821F2E751EACC9B60098081F /* AppStore */ = {
			isa = XCBuildConfiguration;
			buildSettings = {
				BUNDLE_LOADER = "$(TEST_HOST)";
				DEVELOPMENT_TEAM = TGSY8NT3H9;
				INFOPLIST_FILE = DesignAlianceTests/Info.plist;
				LD_RUNPATH_SEARCH_PATHS = "$(inherited) @executable_path/Frameworks @loader_path/Frameworks";
				PRODUCT_BUNDLE_IDENTIFIER = com.snowwolf.DesignAlianceTests;
				PRODUCT_NAME = "$(TARGET_NAME)";
				TEST_HOST = "$(BUILT_PRODUCTS_DIR)/DesignAliance.app/DesignAliance";
			};
			name = AppStore;
		};
		821F2E761EACC9B60098081F /* AppStore */ = {
			isa = XCBuildConfiguration;
			buildSettings = {
				DEVELOPMENT_TEAM = TGSY8NT3H9;
				INFOPLIST_FILE = DesignAlianceUITests/Info.plist;
				LD_RUNPATH_SEARCH_PATHS = "$(inherited) @executable_path/Frameworks @loader_path/Frameworks";
				PRODUCT_BUNDLE_IDENTIFIER = com.snowwolf.DesignAlianceUITests;
				PRODUCT_NAME = "$(TARGET_NAME)";
				TEST_TARGET_NAME = DesignAliance;
			};
			name = AppStore;
		};
		821F2E771EACC9D70098081F /* Enterprise */ = {
			isa = XCBuildConfiguration;
			buildSettings = {
				ALWAYS_SEARCH_USER_PATHS = NO;
				CLANG_ANALYZER_NONNULL = YES;
				CLANG_CXX_LANGUAGE_STANDARD = "gnu++0x";
				CLANG_CXX_LIBRARY = "libc++";
				CLANG_ENABLE_MODULES = YES;
				CLANG_ENABLE_OBJC_ARC = YES;
				CLANG_WARN_BOOL_CONVERSION = YES;
				CLANG_WARN_CONSTANT_CONVERSION = YES;
				CLANG_WARN_DIRECT_OBJC_ISA_USAGE = YES_ERROR;
				CLANG_WARN_DOCUMENTATION_COMMENTS = YES;
				CLANG_WARN_EMPTY_BODY = YES;
				CLANG_WARN_ENUM_CONVERSION = YES;
				CLANG_WARN_INFINITE_RECURSION = YES;
				CLANG_WARN_INT_CONVERSION = YES;
				CLANG_WARN_OBJC_ROOT_CLASS = YES_ERROR;
				CLANG_WARN_SUSPICIOUS_MOVE = YES;
				CLANG_WARN_UNREACHABLE_CODE = YES;
				CLANG_WARN__DUPLICATE_METHOD_MATCH = YES;
				"CODE_SIGN_IDENTITY[sdk=iphoneos*]" = "iPhone Developer";
				COPY_PHASE_STRIP = NO;
				DEBUG_INFORMATION_FORMAT = "dwarf-with-dsym";
				ENABLE_NS_ASSERTIONS = NO;
				ENABLE_STRICT_OBJC_MSGSEND = YES;
				GCC_C_LANGUAGE_STANDARD = gnu99;
				GCC_NO_COMMON_BLOCKS = YES;
				GCC_WARN_64_TO_32_BIT_CONVERSION = YES;
				GCC_WARN_ABOUT_RETURN_TYPE = YES_ERROR;
				GCC_WARN_UNDECLARED_SELECTOR = YES;
				GCC_WARN_UNINITIALIZED_AUTOS = YES_AGGRESSIVE;
				GCC_WARN_UNUSED_FUNCTION = YES;
				GCC_WARN_UNUSED_VARIABLE = YES;
				IPHONEOS_DEPLOYMENT_TARGET = 10.2;
				MTL_ENABLE_DEBUG_INFO = NO;
				SDKROOT = iphoneos;
				VALIDATE_PRODUCT = YES;
			};
			name = Enterprise;
		};
		821F2E781EACC9D70098081F /* Enterprise */ = {
			isa = XCBuildConfiguration;
			buildSettings = {
				ASSETCATALOG_COMPILER_APPICON_NAME = AppIcon;
				ASSETCATALOG_COMPILER_LAUNCHIMAGE_NAME = LaunchImage;
				DEVELOPMENT_TEAM = TGSY8NT3H9;
				GCC_PREFIX_HEADER = "DesignAliance/DesignAliance-Prefix.pch";
				GCC_PREPROCESSOR_DEFINITIONS = "OFFICIAL=1";
				INFOPLIST_FILE = DesignAliance/Info.plist;
				LD_RUNPATH_SEARCH_PATHS = "$(inherited) @executable_path/Frameworks";
				PRODUCT_BUNDLE_IDENTIFIER = com.snowwolf.DesignAliance;
				PRODUCT_NAME = "$(TARGET_NAME)";
			};
			name = Enterprise;
		};
		821F2E791EACC9D70098081F /* Enterprise */ = {
			isa = XCBuildConfiguration;
			buildSettings = {
				BUNDLE_LOADER = "$(TEST_HOST)";
				DEVELOPMENT_TEAM = TGSY8NT3H9;
				INFOPLIST_FILE = DesignAlianceTests/Info.plist;
				LD_RUNPATH_SEARCH_PATHS = "$(inherited) @executable_path/Frameworks @loader_path/Frameworks";
				PRODUCT_BUNDLE_IDENTIFIER = com.snowwolf.DesignAlianceTests;
				PRODUCT_NAME = "$(TARGET_NAME)";
				TEST_HOST = "$(BUILT_PRODUCTS_DIR)/DesignAliance.app/DesignAliance";
			};
			name = Enterprise;
		};
		821F2E7A1EACC9D70098081F /* Enterprise */ = {
			isa = XCBuildConfiguration;
			buildSettings = {
				DEVELOPMENT_TEAM = TGSY8NT3H9;
				INFOPLIST_FILE = DesignAlianceUITests/Info.plist;
				LD_RUNPATH_SEARCH_PATHS = "$(inherited) @executable_path/Frameworks @loader_path/Frameworks";
				PRODUCT_BUNDLE_IDENTIFIER = com.snowwolf.DesignAlianceUITests;
				PRODUCT_NAME = "$(TARGET_NAME)";
				TEST_TARGET_NAME = DesignAliance;
			};
			name = Enterprise;
		};
		821F2E7B1EACC9E50098081F /* AdHoc */ = {
			isa = XCBuildConfiguration;
			buildSettings = {
				ALWAYS_SEARCH_USER_PATHS = NO;
				CLANG_ANALYZER_NONNULL = YES;
				CLANG_CXX_LANGUAGE_STANDARD = "gnu++0x";
				CLANG_CXX_LIBRARY = "libc++";
				CLANG_ENABLE_MODULES = YES;
				CLANG_ENABLE_OBJC_ARC = YES;
				CLANG_WARN_BOOL_CONVERSION = YES;
				CLANG_WARN_CONSTANT_CONVERSION = YES;
				CLANG_WARN_DIRECT_OBJC_ISA_USAGE = YES_ERROR;
				CLANG_WARN_DOCUMENTATION_COMMENTS = YES;
				CLANG_WARN_EMPTY_BODY = YES;
				CLANG_WARN_ENUM_CONVERSION = YES;
				CLANG_WARN_INFINITE_RECURSION = YES;
				CLANG_WARN_INT_CONVERSION = YES;
				CLANG_WARN_OBJC_ROOT_CLASS = YES_ERROR;
				CLANG_WARN_SUSPICIOUS_MOVE = YES;
				CLANG_WARN_UNREACHABLE_CODE = YES;
				CLANG_WARN__DUPLICATE_METHOD_MATCH = YES;
				"CODE_SIGN_IDENTITY[sdk=iphoneos*]" = "iPhone Developer";
				COPY_PHASE_STRIP = NO;
				DEBUG_INFORMATION_FORMAT = "dwarf-with-dsym";
				ENABLE_NS_ASSERTIONS = NO;
				ENABLE_STRICT_OBJC_MSGSEND = YES;
				GCC_C_LANGUAGE_STANDARD = gnu99;
				GCC_NO_COMMON_BLOCKS = YES;
				GCC_WARN_64_TO_32_BIT_CONVERSION = YES;
				GCC_WARN_ABOUT_RETURN_TYPE = YES_ERROR;
				GCC_WARN_UNDECLARED_SELECTOR = YES;
				GCC_WARN_UNINITIALIZED_AUTOS = YES_AGGRESSIVE;
				GCC_WARN_UNUSED_FUNCTION = YES;
				GCC_WARN_UNUSED_VARIABLE = YES;
				IPHONEOS_DEPLOYMENT_TARGET = 10.2;
				MTL_ENABLE_DEBUG_INFO = NO;
				SDKROOT = iphoneos;
				VALIDATE_PRODUCT = YES;
			};
			name = AdHoc;
		};
		821F2E7C1EACC9E50098081F /* AdHoc */ = {
			isa = XCBuildConfiguration;
			buildSettings = {
				ASSETCATALOG_COMPILER_APPICON_NAME = AppIcon;
				ASSETCATALOG_COMPILER_LAUNCHIMAGE_NAME = LaunchImage;
				DEVELOPMENT_TEAM = TGSY8NT3H9;
				GCC_PREFIX_HEADER = "DesignAliance/DesignAliance-Prefix.pch";
				INFOPLIST_FILE = DesignAliance/Info.plist;
				LD_RUNPATH_SEARCH_PATHS = "$(inherited) @executable_path/Frameworks";
				PRODUCT_BUNDLE_IDENTIFIER = com.snowwolf.DesignAliance;
				PRODUCT_NAME = "$(TARGET_NAME)";
			};
			name = AdHoc;
		};
		821F2E7D1EACC9E50098081F /* AdHoc */ = {
			isa = XCBuildConfiguration;
			buildSettings = {
				BUNDLE_LOADER = "$(TEST_HOST)";
				DEVELOPMENT_TEAM = TGSY8NT3H9;
				INFOPLIST_FILE = DesignAlianceTests/Info.plist;
				LD_RUNPATH_SEARCH_PATHS = "$(inherited) @executable_path/Frameworks @loader_path/Frameworks";
				PRODUCT_BUNDLE_IDENTIFIER = com.snowwolf.DesignAlianceTests;
				PRODUCT_NAME = "$(TARGET_NAME)";
				TEST_HOST = "$(BUILT_PRODUCTS_DIR)/DesignAliance.app/DesignAliance";
			};
			name = AdHoc;
		};
		821F2E7E1EACC9E50098081F /* AdHoc */ = {
			isa = XCBuildConfiguration;
			buildSettings = {
				DEVELOPMENT_TEAM = TGSY8NT3H9;
				INFOPLIST_FILE = DesignAlianceUITests/Info.plist;
				LD_RUNPATH_SEARCH_PATHS = "$(inherited) @executable_path/Frameworks @loader_path/Frameworks";
				PRODUCT_BUNDLE_IDENTIFIER = com.snowwolf.DesignAlianceUITests;
				PRODUCT_NAME = "$(TARGET_NAME)";
				TEST_TARGET_NAME = DesignAliance;
			};
			name = AdHoc;
		};
/* End XCBuildConfiguration section */

/* Begin XCConfigurationList section */
		821F2DE41EAC4BF70098081F /* Build configuration list for PBXProject "DesignAliance" */ = {
			isa = XCConfigurationList;
			buildConfigurations = (
				821F2E141EAC4BF70098081F /* Debug */,
				821F2E151EAC4BF70098081F /* Release */,
				821F2E731EACC9B60098081F /* AppStore */,
				821F2E7B1EACC9E50098081F /* AdHoc */,
				821F2E771EACC9D70098081F /* Enterprise */,
			);
			defaultConfigurationIsVisible = 0;
			defaultConfigurationName = Release;
		};
		821F2E161EAC4BF70098081F /* Build configuration list for PBXNativeTarget "DesignAliance" */ = {
			isa = XCConfigurationList;
			buildConfigurations = (
				821F2E171EAC4BF70098081F /* Debug */,
				821F2E181EAC4BF70098081F /* Release */,
				821F2E741EACC9B60098081F /* AppStore */,
				821F2E7C1EACC9E50098081F /* AdHoc */,
				821F2E781EACC9D70098081F /* Enterprise */,
			);
			defaultConfigurationIsVisible = 0;
			defaultConfigurationName = Release;
		};
		821F2E191EAC4BF70098081F /* Build configuration list for PBXNativeTarget "DesignAlianceTests" */ = {
			isa = XCConfigurationList;
			buildConfigurations = (
				821F2E1A1EAC4BF70098081F /* Debug */,
				821F2E1B1EAC4BF70098081F /* Release */,
				821F2E751EACC9B60098081F /* AppStore */,
				821F2E7D1EACC9E50098081F /* AdHoc */,
				821F2E791EACC9D70098081F /* Enterprise */,
			);
			defaultConfigurationIsVisible = 0;
			defaultConfigurationName = Release;
		};
		821F2E1C1EAC4BF70098081F /* Build configuration list for PBXNativeTarget "DesignAlianceUITests" */ = {
			isa = XCConfigurationList;
			buildConfigurations = (
				821F2E1D1EAC4BF70098081F /* Debug */,
				821F2E1E1EAC4BF70098081F /* Release */,
				821F2E761EACC9B60098081F /* AppStore */,
				821F2E7E1EACC9E50098081F /* AdHoc */,
				821F2E7A1EACC9D70098081F /* Enterprise */,
			);
			defaultConfigurationIsVisible = 0;
			defaultConfigurationName = Release;
		};
/* End XCConfigurationList section */
	};
	rootObject = 821F2DE11EAC4BF70098081F /* Project object */;
}
