// !$*UTF8*$!
{
	archiveVersion = 1;
	classes = {
	};
	objectVersion = 46;
	objects = {

/* Begin PBXBuildFile section */
		820CA7631EAF0DFF006832B5 /* DAActivity.m in Sources */ = {isa = PBXBuildFile; fileRef = 820CA7621EAF0DFF006832B5 /* DAActivity.m */; };
		820CA7661EAF2178006832B5 /* DAActivityIndicator.m in Sources */ = {isa = PBXBuildFile; fileRef = 820CA7651EAF2178006832B5 /* DAActivityIndicator.m */; settings = {COMPILER_FLAGS = "-fno-objc-arc"; }; };
		820CA76F1EAF5296006832B5 /* Assets.xcassets in Resources */ = {isa = PBXBuildFile; fileRef = 820CA7691EAF5296006832B5 /* Assets.xcassets */; };
		820CA7771EB03418006832B5 /* UserModel.m in Sources */ = {isa = PBXBuildFile; fileRef = 820CA7761EB03418006832B5 /* UserModel.m */; };
		820CA77A1EB0368A006832B5 /* DALogin.m in Sources */ = {isa = PBXBuildFile; fileRef = 820CA7791EB0368A006832B5 /* DALogin.m */; };
		820CA77F1EB0389E006832B5 /* LoginPage.xib in Resources */ = {isa = PBXBuildFile; fileRef = 820CA77E1EB0389E006832B5 /* LoginPage.xib */; };
		820CA8001EB1CF90006832B5 /* DiscoveryIcon@2x.png in Resources */ = {isa = PBXBuildFile; fileRef = 820CA7F31EB1CF90006832B5 /* DiscoveryIcon@2x.png */; };
		820CA8011EB1CF90006832B5 /* DiscoveryIconSelect@2x.png in Resources */ = {isa = PBXBuildFile; fileRef = 820CA7F41EB1CF90006832B5 /* DiscoveryIconSelect@2x.png */; };
		820CA8021EB1CF90006832B5 /* MyIcon@2x.png in Resources */ = {isa = PBXBuildFile; fileRef = 820CA7F51EB1CF90006832B5 /* MyIcon@2x.png */; };
		820CA8031EB1CF90006832B5 /* MyIconSelect@2x.png in Resources */ = {isa = PBXBuildFile; fileRef = 820CA7F61EB1CF90006832B5 /* MyIconSelect@2x.png */; };
		820CA8041EB1CF90006832B5 /* NewsIcon@2x.png in Resources */ = {isa = PBXBuildFile; fileRef = 820CA7F71EB1CF90006832B5 /* NewsIcon@2x.png */; };
		820CA8051EB1CF90006832B5 /* NewsIconSelect@2x.png in Resources */ = {isa = PBXBuildFile; fileRef = 820CA7F81EB1CF90006832B5 /* NewsIconSelect@2x.png */; };
		820CA8061EB1CF90006832B5 /* ReaderIcon@2x.png in Resources */ = {isa = PBXBuildFile; fileRef = 820CA7F91EB1CF90006832B5 /* ReaderIcon@2x.png */; };
		820CA8071EB1CF90006832B5 /* ReaderIconSelect@2x.png in Resources */ = {isa = PBXBuildFile; fileRef = 820CA7FA1EB1CF90006832B5 /* ReaderIconSelect@2x.png */; };
		820CA8081EB1CF90006832B5 /* tabbar_icon_media_highlight@2x.png in Resources */ = {isa = PBXBuildFile; fileRef = 820CA7FB1EB1CF90006832B5 /* tabbar_icon_media_highlight@2x.png */; };
		820CA8091EB1CF90006832B5 /* tabbar_icon_media_normal@2x.png in Resources */ = {isa = PBXBuildFile; fileRef = 820CA7FC1EB1CF90006832B5 /* tabbar_icon_media_normal@2x.png */; };
		820CA80A1EB1CF90006832B5 /* TabBarShadow@2x.png in Resources */ = {isa = PBXBuildFile; fileRef = 820CA7FD1EB1CF90006832B5 /* TabBarShadow@2x.png */; };
		820CA80B1EB1CF90006832B5 /* VoiceIcon@2x.png in Resources */ = {isa = PBXBuildFile; fileRef = 820CA7FE1EB1CF90006832B5 /* VoiceIcon@2x.png */; };
		820CA80C1EB1CF90006832B5 /* VoiceIconSelect@2x.png in Resources */ = {isa = PBXBuildFile; fileRef = 820CA7FF1EB1CF90006832B5 /* VoiceIconSelect@2x.png */; };
		820CA8171EB1CF99006832B5 /* NavBarAlpha.png in Resources */ = {isa = PBXBuildFile; fileRef = 820CA80D1EB1CF99006832B5 /* NavBarAlpha.png */; };
		820CA8181EB1CF99006832B5 /* NavBarIcon@2x.png in Resources */ = {isa = PBXBuildFile; fileRef = 820CA80E1EB1CF99006832B5 /* NavBarIcon@2x.png */; };
		820CA8191EB1CF99006832B5 /* NavBarWhite44@2x.png in Resources */ = {isa = PBXBuildFile; fileRef = 820CA80F1EB1CF99006832B5 /* NavBarWhite44@2x.png */; };
		820CA81A1EB1CF99006832B5 /* NavBarWhite64@2x.png in Resources */ = {isa = PBXBuildFile; fileRef = 820CA8101EB1CF99006832B5 /* NavBarWhite64@2x.png */; };
		820CA81B1EB1CF99006832B5 /* NavigationBack@2x.png in Resources */ = {isa = PBXBuildFile; fileRef = 820CA8111EB1CF99006832B5 /* NavigationBack@2x.png */; };
		820CA81C1EB1CF99006832B5 /* NavigationBackBlack@2x.png in Resources */ = {isa = PBXBuildFile; fileRef = 820CA8121EB1CF99006832B5 /* NavigationBackBlack@2x.png */; };
		820CA81D1EB1CF99006832B5 /* NavigationBar44@2x.png in Resources */ = {isa = PBXBuildFile; fileRef = 820CA8131EB1CF99006832B5 /* NavigationBar44@2x.png */; };
		820CA81E1EB1CF99006832B5 /* NavigationBar64@2x.png in Resources */ = {isa = PBXBuildFile; fileRef = 820CA8141EB1CF99006832B5 /* NavigationBar64@2x.png */; };
		820CA81F1EB1CF99006832B5 /* NavigationBell@2x.png in Resources */ = {isa = PBXBuildFile; fileRef = 820CA8151EB1CF99006832B5 /* NavigationBell@2x.png */; };
		820CA8201EB1CF99006832B5 /* NavigationSquare@2x.png in Resources */ = {isa = PBXBuildFile; fileRef = 820CA8161EB1CF99006832B5 /* NavigationSquare@2x.png */; };
		820CA8281EB1CFA2006832B5 /* account_snslogin_icon_1@2x.png in Resources */ = {isa = PBXBuildFile; fileRef = 820CA8211EB1CFA2006832B5 /* account_snslogin_icon_1@2x.png */; };
		820CA8291EB1CFA2006832B5 /* account_snslogin_icon_3@2x.png in Resources */ = {isa = PBXBuildFile; fileRef = 820CA8221EB1CFA2006832B5 /* account_snslogin_icon_3@2x.png */; };
		820CA82A1EB1CFA2006832B5 /* home_page_line_vertical@2x.png in Resources */ = {isa = PBXBuildFile; fileRef = 820CA8231EB1CFA2006832B5 /* home_page_line_vertical@2x.png */; };
		820CA82B1EB1CFA2006832B5 /* login_button@2x.png in Resources */ = {isa = PBXBuildFile; fileRef = 820CA8241EB1CFA2006832B5 /* login_button@2x.png */; };
		820CA82C1EB1CFA2006832B5 /* login_forgot_button@2x.png in Resources */ = {isa = PBXBuildFile; fileRef = 820CA8251EB1CFA2006832B5 /* login_forgot_button@2x.png */; };
		820CA82D1EB1CFA2006832B5 /* login_password_icon@2x.png in Resources */ = {isa = PBXBuildFile; fileRef = 820CA8261EB1CFA2006832B5 /* login_password_icon@2x.png */; };
		820CA82E1EB1CFA2006832B5 /* login_username_icon@2x.png in Resources */ = {isa = PBXBuildFile; fileRef = 820CA8271EB1CFA2006832B5 /* login_username_icon@2x.png */; };
		820CA8311EB1CFAA006832B5 /* ColumnBarLeft@2x.png in Resources */ = {isa = PBXBuildFile; fileRef = 820CA82F1EB1CFAA006832B5 /* ColumnBarLeft@2x.png */; };
		820CA8321EB1CFAA006832B5 /* ColumnBarRight@2x.png in Resources */ = {isa = PBXBuildFile; fileRef = 820CA8301EB1CFAA006832B5 /* ColumnBarRight@2x.png */; };
		820CA8381EB1CFB2006832B5 /* Icon60@2x.png in Resources */ = {isa = PBXBuildFile; fileRef = 820CA8331EB1CFB2006832B5 /* Icon60@2x.png */; };
		820CA8391EB1CFB2006832B5 /* NewsDefault@2x.png in Resources */ = {isa = PBXBuildFile; fileRef = 820CA8341EB1CFB2006832B5 /* NewsDefault@2x.png */; };
		820CA83A1EB1CFB2006832B5 /* WeatherBack@2x.png in Resources */ = {isa = PBXBuildFile; fileRef = 820CA8351EB1CFB2006832B5 /* WeatherBack@2x.png */; };
		820CA83B1EB1CFB2006832B5 /* WeatherLocation@2x.png in Resources */ = {isa = PBXBuildFile; fileRef = 820CA8361EB1CFB2006832B5 /* WeatherLocation@2x.png */; };
		820CA83C1EB1CFB2006832B5 /* WeatherShare@2x.png in Resources */ = {isa = PBXBuildFile; fileRef = 820CA8371EB1CFB2006832B5 /* WeatherShare@2x.png */; };
		8217321A1EB42174006B3387 /* DAButtonHelper.m in Sources */ = {isa = PBXBuildFile; fileRef = 821732191EB42174006B3387 /* DAButtonHelper.m */; };
		821732201EB42635006B3387 /* NewsModel.m in Sources */ = {isa = PBXBuildFile; fileRef = 8217321F1EB42635006B3387 /* NewsModel.m */; };
		8217322E1EB44560006B3387 /* DAColumnViewController.m in Sources */ = {isa = PBXBuildFile; fileRef = 8217322D1EB44560006B3387 /* DAColumnViewController.m */; };
		821732351EB446F7006B3387 /* DADesignNewsWidget.m in Sources */ = {isa = PBXBuildFile; fileRef = 8217322F1EB446F7006B3387 /* DADesignNewsWidget.m */; };
		821732361EB446F7006B3387 /* DADesignTalentsWidget.m in Sources */ = {isa = PBXBuildFile; fileRef = 821732301EB446F7006B3387 /* DADesignTalentsWidget.m */; };
		821732371EB446F7006B3387 /* DADesignMissionWidget.m in Sources */ = {isa = PBXBuildFile; fileRef = 821732321EB446F7006B3387 /* DADesignMissionWidget.m */; };
		8217323A1EB466AB006B3387 /* DesignNewsCell.m in Sources */ = {isa = PBXBuildFile; fileRef = 821732391EB466AB006B3387 /* DesignNewsCell.m */; };
		8217323D1EB48F85006B3387 /* DANews.m in Sources */ = {isa = PBXBuildFile; fileRef = 8217323C1EB48F85006B3387 /* DANews.m */; };
		821732421EB4D446006B3387 /* DesignNewsCell.xib in Resources */ = {isa = PBXBuildFile; fileRef = 821732411EB4D446006B3387 /* DesignNewsCell.xib */; };
		821732451EB4FBD7006B3387 /* DATableWidget.m in Sources */ = {isa = PBXBuildFile; fileRef = 821732441EB4FBD7006B3387 /* DATableWidget.m */; };
		821732471EB58209006B3387 /* DADesignNewsWidget.xib in Resources */ = {isa = PBXBuildFile; fileRef = 821732461EB58209006B3387 /* DADesignNewsWidget.xib */; };
		8217324A1EB5859F006B3387 /* NewsMoreCell.m in Sources */ = {isa = PBXBuildFile; fileRef = 821732491EB5859F006B3387 /* NewsMoreCell.m */; };
		8217324C1EB585F4006B3387 /* NewsMoreCell.xib in Resources */ = {isa = PBXBuildFile; fileRef = 8217324B1EB585F4006B3387 /* NewsMoreCell.xib */; };
		821732541EB58B1F006B3387 /* DADownload.m in Sources */ = {isa = PBXBuildFile; fileRef = 821732511EB58B1F006B3387 /* DADownload.m */; };
		821732551EB58B1F006B3387 /* DAGlobal.m in Sources */ = {isa = PBXBuildFile; fileRef = 821732531EB58B1F006B3387 /* DAGlobal.m */; };
		821946CD1EB23D6200EB68F3 /* Main.storyboard in Resources */ = {isa = PBXBuildFile; fileRef = 821946CC1EB23D6200EB68F3 /* Main.storyboard */; };
		821F2DEE1EAC4BF70098081F /* main.m in Sources */ = {isa = PBXBuildFile; fileRef = 821F2DED1EAC4BF70098081F /* main.m */; };
		821F2DF11EAC4BF70098081F /* AppDelegate.m in Sources */ = {isa = PBXBuildFile; fileRef = 821F2DF01EAC4BF70098081F /* AppDelegate.m */; };
		821F2E071EAC4BF70098081F /* DesignAlianceTests.m in Sources */ = {isa = PBXBuildFile; fileRef = 821F2E061EAC4BF70098081F /* DesignAlianceTests.m */; };
		821F2E121EAC4BF70098081F /* DesignAlianceUITests.m in Sources */ = {isa = PBXBuildFile; fileRef = 821F2E111EAC4BF70098081F /* DesignAlianceUITests.m */; };
		821F2E561EACB7CF0098081F /* DABaseController.m in Sources */ = {isa = PBXBuildFile; fileRef = 821F2E551EACB7CF0098081F /* DABaseController.m */; };
		821F2E5F1EACB9850098081F /* DABaseModel.m in Sources */ = {isa = PBXBuildFile; fileRef = 821F2E5E1EACB9850098081F /* DABaseModel.m */; };
		821F2E811EACCC460098081F /* DABaseOperation.m in Sources */ = {isa = PBXBuildFile; fileRef = 821F2E801EACCC460098081F /* DABaseOperation.m */; };
		821F2E841EAD8E200098081F /* JsonFramework in Resources */ = {isa = PBXBuildFile; fileRef = 821F2E831EAD8E200098081F /* JsonFramework */; };
		823EE6ED1EB33BAB001B98B4 /* TabBarPages.plist in Resources */ = {isa = PBXBuildFile; fileRef = 823EE6EC1EB33BAB001B98B4 /* TabBarPages.plist */; };
		823EE6F01EB34150001B98B4 /* PageModel.m in Sources */ = {isa = PBXBuildFile; fileRef = 823EE6EF1EB34150001B98B4 /* PageModel.m */; };
		823EE7081EB37694001B98B4 /* DABasePage.m in Sources */ = {isa = PBXBuildFile; fileRef = 823EE6FD1EB37694001B98B4 /* DABasePage.m */; };
		823EE7091EB37694001B98B4 /* HomePage.m in Sources */ = {isa = PBXBuildFile; fileRef = 823EE6FF1EB37694001B98B4 /* HomePage.m */; };
		823EE70A1EB37694001B98B4 /* LoginPage.m in Sources */ = {isa = PBXBuildFile; fileRef = 823EE7011EB37694001B98B4 /* LoginPage.m */; };
		823EE70B1EB37694001B98B4 /* MapPage.m in Sources */ = {isa = PBXBuildFile; fileRef = 823EE7031EB37694001B98B4 /* MapPage.m */; };
		823EE70C1EB37694001B98B4 /* MyPage.m in Sources */ = {isa = PBXBuildFile; fileRef = 823EE7051EB37694001B98B4 /* MyPage.m */; };
		823EE70D1EB37694001B98B4 /* NewsPage.m in Sources */ = {isa = PBXBuildFile; fileRef = 823EE7071EB37694001B98B4 /* NewsPage.m */; };
		823EE7101EB37710001B98B4 /* DABaseCell.m in Sources */ = {isa = PBXBuildFile; fileRef = 823EE70F1EB37710001B98B4 /* DABaseCell.m */; };
		823EE7131EB37724001B98B4 /* DABaseWidget.m in Sources */ = {isa = PBXBuildFile; fileRef = 823EE7121EB37724001B98B4 /* DABaseWidget.m */; };
		8250B4281EADE210000F037A /* FxJSON.m in Sources */ = {isa = PBXBuildFile; fileRef = 8250B41F1EADE210000F037A /* FxJSON.m */; settings = {COMPILER_FLAGS = "-fno-objc-arc"; }; };
		8250B4291EADE210000F037A /* FxJsonBase.m in Sources */ = {isa = PBXBuildFile; fileRef = 8250B4211EADE210000F037A /* FxJsonBase.m */; settings = {COMPILER_FLAGS = "-fno-objc-arc"; }; };
		8250B42A1EADE210000F037A /* FxJsonParser.m in Sources */ = {isa = PBXBuildFile; fileRef = 8250B4231EADE210000F037A /* FxJsonParser.m */; settings = {COMPILER_FLAGS = "-fno-objc-arc"; }; };
		8250B42B1EADE211000F037A /* FxJsonUtility.m in Sources */ = {isa = PBXBuildFile; fileRef = 8250B4251EADE210000F037A /* FxJsonUtility.m */; settings = {COMPILER_FLAGS = "-fno-objc-arc"; }; };
		8250B42C1EADE211000F037A /* FxJsonWriter.m in Sources */ = {isa = PBXBuildFile; fileRef = 8250B4271EADE210000F037A /* FxJsonWriter.m */; settings = {COMPILER_FLAGS = "-fno-objc-arc"; }; };
		8250B4371EAE216F000F037A /* DAFileUtility.m in Sources */ = {isa = PBXBuildFile; fileRef = 8250B4361EAE216F000F037A /* DAFileUtility.m */; };
/* End PBXBuildFile section */

/* Begin PBXContainerItemProxy section */
		821F2E031EAC4BF70098081F /* PBXContainerItemProxy */ = {
			isa = PBXContainerItemProxy;
			containerPortal = 821F2DE11EAC4BF70098081F /* Project object */;
			proxyType = 1;
			remoteGlobalIDString = 821F2DE81EAC4BF70098081F;
			remoteInfo = DesignAliance;
		};
		821F2E0E1EAC4BF70098081F /* PBXContainerItemProxy */ = {
			isa = PBXContainerItemProxy;
			containerPortal = 821F2DE11EAC4BF70098081F /* Project object */;
			proxyType = 1;
			remoteGlobalIDString = 821F2DE81EAC4BF70098081F;
			remoteInfo = DesignAliance;
		};
/* End PBXContainerItemProxy section */

/* Begin PBXFileReference section */
		820CA7611EAF0DFF006832B5 /* DAActivity.h */ = {isa = PBXFileReference; fileEncoding = 4; lastKnownFileType = sourcecode.c.h; path = DAActivity.h; sourceTree = "<group>"; };
		820CA7621EAF0DFF006832B5 /* DAActivity.m */ = {isa = PBXFileReference; fileEncoding = 4; lastKnownFileType = sourcecode.c.objc; path = DAActivity.m; sourceTree = "<group>"; };
		820CA7641EAF2178006832B5 /* DAActivityIndicator.h */ = {isa = PBXFileReference; fileEncoding = 4; lastKnownFileType = sourcecode.c.h; path = DAActivityIndicator.h; sourceTree = "<group>"; };
		820CA7651EAF2178006832B5 /* DAActivityIndicator.m */ = {isa = PBXFileReference; fileEncoding = 4; lastKnownFileType = sourcecode.c.objc; path = DAActivityIndicator.m; sourceTree = "<group>"; };
		820CA7691EAF5296006832B5 /* Assets.xcassets */ = {isa = PBXFileReference; lastKnownFileType = folder.assetcatalog; path = Assets.xcassets; sourceTree = "<group>"; };
		820CA7751EB03418006832B5 /* UserModel.h */ = {isa = PBXFileReference; fileEncoding = 4; lastKnownFileType = sourcecode.c.h; path = UserModel.h; sourceTree = "<group>"; };
		820CA7761EB03418006832B5 /* UserModel.m */ = {isa = PBXFileReference; fileEncoding = 4; lastKnownFileType = sourcecode.c.objc; path = UserModel.m; sourceTree = "<group>"; };
		820CA7781EB0368A006832B5 /* DALogin.h */ = {isa = PBXFileReference; fileEncoding = 4; lastKnownFileType = sourcecode.c.h; path = DALogin.h; sourceTree = "<group>"; };
		820CA7791EB0368A006832B5 /* DALogin.m */ = {isa = PBXFileReference; fileEncoding = 4; lastKnownFileType = sourcecode.c.objc; path = DALogin.m; sourceTree = "<group>"; };
		820CA77E1EB0389E006832B5 /* LoginPage.xib */ = {isa = PBXFileReference; fileEncoding = 4; lastKnownFileType = file.xib; path = LoginPage.xib; sourceTree = "<group>"; };
		820CA7F31EB1CF90006832B5 /* DiscoveryIcon@2x.png */ = {isa = PBXFileReference; lastKnownFileType = image.png; path = "DiscoveryIcon@2x.png"; sourceTree = "<group>"; };
		820CA7F41EB1CF90006832B5 /* DiscoveryIconSelect@2x.png */ = {isa = PBXFileReference; lastKnownFileType = image.png; path = "DiscoveryIconSelect@2x.png"; sourceTree = "<group>"; };
		820CA7F51EB1CF90006832B5 /* MyIcon@2x.png */ = {isa = PBXFileReference; lastKnownFileType = image.png; path = "MyIcon@2x.png"; sourceTree = "<group>"; };
		820CA7F61EB1CF90006832B5 /* MyIconSelect@2x.png */ = {isa = PBXFileReference; lastKnownFileType = image.png; path = "MyIconSelect@2x.png"; sourceTree = "<group>"; };
		820CA7F71EB1CF90006832B5 /* NewsIcon@2x.png */ = {isa = PBXFileReference; lastKnownFileType = image.png; path = "NewsIcon@2x.png"; sourceTree = "<group>"; };
		820CA7F81EB1CF90006832B5 /* NewsIconSelect@2x.png */ = {isa = PBXFileReference; lastKnownFileType = image.png; path = "NewsIconSelect@2x.png"; sourceTree = "<group>"; };
		820CA7F91EB1CF90006832B5 /* ReaderIcon@2x.png */ = {isa = PBXFileReference; lastKnownFileType = image.png; path = "ReaderIcon@2x.png"; sourceTree = "<group>"; };
		820CA7FA1EB1CF90006832B5 /* ReaderIconSelect@2x.png */ = {isa = PBXFileReference; lastKnownFileType = image.png; path = "ReaderIconSelect@2x.png"; sourceTree = "<group>"; };
		820CA7FB1EB1CF90006832B5 /* tabbar_icon_media_highlight@2x.png */ = {isa = PBXFileReference; lastKnownFileType = image.png; path = "tabbar_icon_media_highlight@2x.png"; sourceTree = "<group>"; };
		820CA7FC1EB1CF90006832B5 /* tabbar_icon_media_normal@2x.png */ = {isa = PBXFileReference; lastKnownFileType = image.png; path = "tabbar_icon_media_normal@2x.png"; sourceTree = "<group>"; };
		820CA7FD1EB1CF90006832B5 /* TabBarShadow@2x.png */ = {isa = PBXFileReference; lastKnownFileType = image.png; path = "TabBarShadow@2x.png"; sourceTree = "<group>"; };
		820CA7FE1EB1CF90006832B5 /* VoiceIcon@2x.png */ = {isa = PBXFileReference; lastKnownFileType = image.png; path = "VoiceIcon@2x.png"; sourceTree = "<group>"; };
		820CA7FF1EB1CF90006832B5 /* VoiceIconSelect@2x.png */ = {isa = PBXFileReference; lastKnownFileType = image.png; path = "VoiceIconSelect@2x.png"; sourceTree = "<group>"; };
		820CA80D1EB1CF99006832B5 /* NavBarAlpha.png */ = {isa = PBXFileReference; lastKnownFileType = image.png; path = NavBarAlpha.png; sourceTree = "<group>"; };
		820CA80E1EB1CF99006832B5 /* NavBarIcon@2x.png */ = {isa = PBXFileReference; lastKnownFileType = image.png; path = "NavBarIcon@2x.png"; sourceTree = "<group>"; };
		820CA80F1EB1CF99006832B5 /* NavBarWhite44@2x.png */ = {isa = PBXFileReference; lastKnownFileType = image.png; path = "NavBarWhite44@2x.png"; sourceTree = "<group>"; };
		820CA8101EB1CF99006832B5 /* NavBarWhite64@2x.png */ = {isa = PBXFileReference; lastKnownFileType = image.png; path = "NavBarWhite64@2x.png"; sourceTree = "<group>"; };
		820CA8111EB1CF99006832B5 /* NavigationBack@2x.png */ = {isa = PBXFileReference; lastKnownFileType = image.png; path = "NavigationBack@2x.png"; sourceTree = "<group>"; };
		820CA8121EB1CF99006832B5 /* NavigationBackBlack@2x.png */ = {isa = PBXFileReference; lastKnownFileType = image.png; path = "NavigationBackBlack@2x.png"; sourceTree = "<group>"; };
		820CA8131EB1CF99006832B5 /* NavigationBar44@2x.png */ = {isa = PBXFileReference; lastKnownFileType = image.png; path = "NavigationBar44@2x.png"; sourceTree = "<group>"; };
		820CA8141EB1CF99006832B5 /* NavigationBar64@2x.png */ = {isa = PBXFileReference; lastKnownFileType = image.png; path = "NavigationBar64@2x.png"; sourceTree = "<group>"; };
		820CA8151EB1CF99006832B5 /* NavigationBell@2x.png */ = {isa = PBXFileReference; lastKnownFileType = image.png; path = "NavigationBell@2x.png"; sourceTree = "<group>"; };
		820CA8161EB1CF99006832B5 /* NavigationSquare@2x.png */ = {isa = PBXFileReference; lastKnownFileType = image.png; path = "NavigationSquare@2x.png"; sourceTree = "<group>"; };
		820CA8211EB1CFA2006832B5 /* account_snslogin_icon_1@2x.png */ = {isa = PBXFileReference; lastKnownFileType = image.png; path = "account_snslogin_icon_1@2x.png"; sourceTree = "<group>"; };
		820CA8221EB1CFA2006832B5 /* account_snslogin_icon_3@2x.png */ = {isa = PBXFileReference; lastKnownFileType = image.png; path = "account_snslogin_icon_3@2x.png"; sourceTree = "<group>"; };
		820CA8231EB1CFA2006832B5 /* home_page_line_vertical@2x.png */ = {isa = PBXFileReference; lastKnownFileType = image.png; path = "home_page_line_vertical@2x.png"; sourceTree = "<group>"; };
		820CA8241EB1CFA2006832B5 /* login_button@2x.png */ = {isa = PBXFileReference; lastKnownFileType = image.png; path = "login_button@2x.png"; sourceTree = "<group>"; };
		820CA8251EB1CFA2006832B5 /* login_forgot_button@2x.png */ = {isa = PBXFileReference; lastKnownFileType = image.png; path = "login_forgot_button@2x.png"; sourceTree = "<group>"; };
		820CA8261EB1CFA2006832B5 /* login_password_icon@2x.png */ = {isa = PBXFileReference; lastKnownFileType = image.png; path = "login_password_icon@2x.png"; sourceTree = "<group>"; };
		820CA8271EB1CFA2006832B5 /* login_username_icon@2x.png */ = {isa = PBXFileReference; lastKnownFileType = image.png; path = "login_username_icon@2x.png"; sourceTree = "<group>"; };
		820CA82F1EB1CFAA006832B5 /* ColumnBarLeft@2x.png */ = {isa = PBXFileReference; lastKnownFileType = image.png; path = "ColumnBarLeft@2x.png"; sourceTree = "<group>"; };
		820CA8301EB1CFAA006832B5 /* ColumnBarRight@2x.png */ = {isa = PBXFileReference; lastKnownFileType = image.png; path = "ColumnBarRight@2x.png"; sourceTree = "<group>"; };
		820CA8331EB1CFB2006832B5 /* Icon60@2x.png */ = {isa = PBXFileReference; lastKnownFileType = image.png; path = "Icon60@2x.png"; sourceTree = "<group>"; };
		820CA8341EB1CFB2006832B5 /* NewsDefault@2x.png */ = {isa = PBXFileReference; lastKnownFileType = image.png; path = "NewsDefault@2x.png"; sourceTree = "<group>"; };
		820CA8351EB1CFB2006832B5 /* WeatherBack@2x.png */ = {isa = PBXFileReference; lastKnownFileType = image.png; path = "WeatherBack@2x.png"; sourceTree = "<group>"; };
		820CA8361EB1CFB2006832B5 /* WeatherLocation@2x.png */ = {isa = PBXFileReference; lastKnownFileType = image.png; path = "WeatherLocation@2x.png"; sourceTree = "<group>"; };
		820CA8371EB1CFB2006832B5 /* WeatherShare@2x.png */ = {isa = PBXFileReference; lastKnownFileType = image.png; path = "WeatherShare@2x.png"; sourceTree = "<group>"; };
		821732181EB42174006B3387 /* DAButtonHelper.h */ = {isa = PBXFileReference; fileEncoding = 4; lastKnownFileType = sourcecode.c.h; path = DAButtonHelper.h; sourceTree = "<group>"; };
		821732191EB42174006B3387 /* DAButtonHelper.m */ = {isa = PBXFileReference; fileEncoding = 4; lastKnownFileType = sourcecode.c.objc; path = DAButtonHelper.m; sourceTree = "<group>"; };
		8217321E1EB42635006B3387 /* NewsModel.h */ = {isa = PBXFileReference; fileEncoding = 4; lastKnownFileType = sourcecode.c.h; path = NewsModel.h; sourceTree = "<group>"; };
		8217321F1EB42635006B3387 /* NewsModel.m */ = {isa = PBXFileReference; fileEncoding = 4; lastKnownFileType = sourcecode.c.objc; path = NewsModel.m; sourceTree = "<group>"; };
		8217322C1EB44560006B3387 /* DAColumnViewController.h */ = {isa = PBXFileReference; fileEncoding = 4; lastKnownFileType = sourcecode.c.h; name = DAColumnViewController.h; path = Widget/DAColumnViewController.h; sourceTree = "<group>"; };
		8217322D1EB44560006B3387 /* DAColumnViewController.m */ = {isa = PBXFileReference; fileEncoding = 4; lastKnownFileType = sourcecode.c.objc; name = DAColumnViewController.m; path = Widget/DAColumnViewController.m; sourceTree = "<group>"; };
		8217322F1EB446F7006B3387 /* DADesignNewsWidget.m */ = {isa = PBXFileReference; fileEncoding = 4; lastKnownFileType = sourcecode.c.objc; path = DADesignNewsWidget.m; sourceTree = "<group>"; };
		821732301EB446F7006B3387 /* DADesignTalentsWidget.m */ = {isa = PBXFileReference; fileEncoding = 4; lastKnownFileType = sourcecode.c.objc; path = DADesignTalentsWidget.m; sourceTree = "<group>"; };
		821732311EB446F7006B3387 /* DADesignNewsWidget.h */ = {isa = PBXFileReference; fileEncoding = 4; lastKnownFileType = sourcecode.c.h; path = DADesignNewsWidget.h; sourceTree = "<group>"; };
		821732321EB446F7006B3387 /* DADesignMissionWidget.m */ = {isa = PBXFileReference; fileEncoding = 4; lastKnownFileType = sourcecode.c.objc; path = DADesignMissionWidget.m; sourceTree = "<group>"; };
		821732331EB446F7006B3387 /* DADesignMissionWidget.h */ = {isa = PBXFileReference; fileEncoding = 4; lastKnownFileType = sourcecode.c.h; path = DADesignMissionWidget.h; sourceTree = "<group>"; };
		821732341EB446F7006B3387 /* DADesignTalentsWidget.h */ = {isa = PBXFileReference; fileEncoding = 4; lastKnownFileType = sourcecode.c.h; path = DADesignTalentsWidget.h; sourceTree = "<group>"; };
		821732381EB466AB006B3387 /* DesignNewsCell.h */ = {isa = PBXFileReference; fileEncoding = 4; lastKnownFileType = sourcecode.c.h; path = DesignNewsCell.h; sourceTree = "<group>"; };
		821732391EB466AB006B3387 /* DesignNewsCell.m */ = {isa = PBXFileReference; fileEncoding = 4; lastKnownFileType = sourcecode.c.objc; path = DesignNewsCell.m; sourceTree = "<group>"; };
		8217323B1EB48F85006B3387 /* DANews.h */ = {isa = PBXFileReference; fileEncoding = 4; lastKnownFileType = sourcecode.c.h; path = DANews.h; sourceTree = "<group>"; };
		8217323C1EB48F85006B3387 /* DANews.m */ = {isa = PBXFileReference; fileEncoding = 4; lastKnownFileType = sourcecode.c.objc; path = DANews.m; sourceTree = "<group>"; };
		821732411EB4D446006B3387 /* DesignNewsCell.xib */ = {isa = PBXFileReference; fileEncoding = 4; lastKnownFileType = file.xib; path = DesignNewsCell.xib; sourceTree = "<group>"; };
		821732431EB4FBD7006B3387 /* DATableWidget.h */ = {isa = PBXFileReference; fileEncoding = 4; lastKnownFileType = sourcecode.c.h; path = DATableWidget.h; sourceTree = "<group>"; };
		821732441EB4FBD7006B3387 /* DATableWidget.m */ = {isa = PBXFileReference; fileEncoding = 4; lastKnownFileType = sourcecode.c.objc; path = DATableWidget.m; sourceTree = "<group>"; };
		821732461EB58209006B3387 /* DADesignNewsWidget.xib */ = {isa = PBXFileReference; fileEncoding = 4; lastKnownFileType = file.xib; path = DADesignNewsWidget.xib; sourceTree = "<group>"; };
		821732481EB5859F006B3387 /* NewsMoreCell.h */ = {isa = PBXFileReference; fileEncoding = 4; lastKnownFileType = sourcecode.c.h; path = NewsMoreCell.h; sourceTree = "<group>"; };
		821732491EB5859F006B3387 /* NewsMoreCell.m */ = {isa = PBXFileReference; fileEncoding = 4; lastKnownFileType = sourcecode.c.objc; path = NewsMoreCell.m; sourceTree = "<group>"; };
		8217324B1EB585F4006B3387 /* NewsMoreCell.xib */ = {isa = PBXFileReference; fileEncoding = 4; lastKnownFileType = file.xib; path = NewsMoreCell.xib; sourceTree = "<group>"; };
		821732501EB58B1F006B3387 /* DADownload.h */ = {isa = PBXFileReference; fileEncoding = 4; lastKnownFileType = sourcecode.c.h; path = DADownload.h; sourceTree = "<group>"; };
		821732511EB58B1F006B3387 /* DADownload.m */ = {isa = PBXFileReference; fileEncoding = 4; lastKnownFileType = sourcecode.c.objc; path = DADownload.m; sourceTree = "<group>"; };
		821732521EB58B1F006B3387 /* DAGlobal.h */ = {isa = PBXFileReference; fileEncoding = 4; lastKnownFileType = sourcecode.c.h; path = DAGlobal.h; sourceTree = "<group>"; };
		821732531EB58B1F006B3387 /* DAGlobal.m */ = {isa = PBXFileReference; fileEncoding = 4; lastKnownFileType = sourcecode.c.objc; path = DAGlobal.m; sourceTree = "<group>"; };
		821946CC1EB23D6200EB68F3 /* Main.storyboard */ = {isa = PBXFileReference; fileEncoding = 4; lastKnownFileType = file.storyboard; path = Main.storyboard; sourceTree = "<group>"; };
		821F2DE91EAC4BF70098081F /* DesignAliance.app */ = {isa = PBXFileReference; explicitFileType = wrapper.application; includeInIndex = 0; path = DesignAliance.app; sourceTree = BUILT_PRODUCTS_DIR; };
		821F2DED1EAC4BF70098081F /* main.m */ = {isa = PBXFileReference; lastKnownFileType = sourcecode.c.objc; path = main.m; sourceTree = "<group>"; };
		821F2DEF1EAC4BF70098081F /* AppDelegate.h */ = {isa = PBXFileReference; lastKnownFileType = sourcecode.c.h; path = AppDelegate.h; sourceTree = "<group>"; };
		821F2DF01EAC4BF70098081F /* AppDelegate.m */ = {isa = PBXFileReference; lastKnownFileType = sourcecode.c.objc; path = AppDelegate.m; sourceTree = "<group>"; };
		821F2DFD1EAC4BF70098081F /* Info.plist */ = {isa = PBXFileReference; lastKnownFileType = text.plist.xml; path = Info.plist; sourceTree = "<group>"; };
		821F2E021EAC4BF70098081F /* DesignAlianceTests.xctest */ = {isa = PBXFileReference; explicitFileType = wrapper.cfbundle; includeInIndex = 0; path = DesignAlianceTests.xctest; sourceTree = BUILT_PRODUCTS_DIR; };
		821F2E061EAC4BF70098081F /* DesignAlianceTests.m */ = {isa = PBXFileReference; lastKnownFileType = sourcecode.c.objc; path = DesignAlianceTests.m; sourceTree = "<group>"; };
		821F2E081EAC4BF70098081F /* Info.plist */ = {isa = PBXFileReference; lastKnownFileType = text.plist.xml; path = Info.plist; sourceTree = "<group>"; };
		821F2E0D1EAC4BF70098081F /* DesignAlianceUITests.xctest */ = {isa = PBXFileReference; explicitFileType = wrapper.cfbundle; includeInIndex = 0; path = DesignAlianceUITests.xctest; sourceTree = BUILT_PRODUCTS_DIR; };
		821F2E111EAC4BF70098081F /* DesignAlianceUITests.m */ = {isa = PBXFileReference; lastKnownFileType = sourcecode.c.objc; path = DesignAlianceUITests.m; sourceTree = "<group>"; };
		821F2E131EAC4BF70098081F /* Info.plist */ = {isa = PBXFileReference; lastKnownFileType = text.plist.xml; path = Info.plist; sourceTree = "<group>"; };
		821F2E1F1EAC4CF20098081F /* Readme */ = {isa = PBXFileReference; lastKnownFileType = text; path = Readme; sourceTree = "<group>"; };
		821F2E281EAC4F060098081F /* Defines.h */ = {isa = PBXFileReference; fileEncoding = 4; lastKnownFileType = sourcecode.c.h; path = Defines.h; sourceTree = "<group>"; };
		821F2E4B1EAC91E50098081F /* DesignAliance-Prefix.pch */ = {isa = PBXFileReference; lastKnownFileType = sourcecode.c.h; path = "DesignAliance-Prefix.pch"; sourceTree = "<group>"; };
		821F2E541EACB7CF0098081F /* DABaseController.h */ = {isa = PBXFileReference; fileEncoding = 4; lastKnownFileType = sourcecode.c.h; path = DABaseController.h; sourceTree = "<group>"; };
		821F2E551EACB7CF0098081F /* DABaseController.m */ = {isa = PBXFileReference; fileEncoding = 4; lastKnownFileType = sourcecode.c.objc; path = DABaseController.m; sourceTree = "<group>"; };
		821F2E5D1EACB9850098081F /* DABaseModel.h */ = {isa = PBXFileReference; fileEncoding = 4; lastKnownFileType = sourcecode.c.h; path = DABaseModel.h; sourceTree = "<group>"; };
		821F2E5E1EACB9850098081F /* DABaseModel.m */ = {isa = PBXFileReference; fileEncoding = 4; lastKnownFileType = sourcecode.c.objc; path = DABaseModel.m; sourceTree = "<group>"; };
		821F2E711EACBD8E0098081F /* URLDefine.h */ = {isa = PBXFileReference; lastKnownFileType = sourcecode.c.h; path = URLDefine.h; sourceTree = "<group>"; };
		821F2E7F1EACCC460098081F /* DABaseOperation.h */ = {isa = PBXFileReference; fileEncoding = 4; lastKnownFileType = sourcecode.c.h; path = DABaseOperation.h; sourceTree = "<group>"; };
		821F2E801EACCC460098081F /* DABaseOperation.m */ = {isa = PBXFileReference; fileEncoding = 4; lastKnownFileType = sourcecode.c.objc; path = DABaseOperation.m; sourceTree = "<group>"; };
		821F2E831EAD8E200098081F /* JsonFramework */ = {isa = PBXFileReference; lastKnownFileType = folder; name = JsonFramework; path = /Users/zues/DesignAliance/DesignAliance/ThirdSDK/JsonFramework; sourceTree = "<absolute>"; };
		823EE6EC1EB33BAB001B98B4 /* TabBarPages.plist */ = {isa = PBXFileReference; fileEncoding = 4; lastKnownFileType = text.plist.xml; path = TabBarPages.plist; sourceTree = "<group>"; };
		823EE6EE1EB34150001B98B4 /* PageModel.h */ = {isa = PBXFileReference; fileEncoding = 4; lastKnownFileType = sourcecode.c.h; path = PageModel.h; sourceTree = "<group>"; };
		823EE6EF1EB34150001B98B4 /* PageModel.m */ = {isa = PBXFileReference; fileEncoding = 4; lastKnownFileType = sourcecode.c.objc; path = PageModel.m; sourceTree = "<group>"; };
		823EE6FC1EB37694001B98B4 /* DABasePage.h */ = {isa = PBXFileReference; fileEncoding = 4; lastKnownFileType = sourcecode.c.h; path = DABasePage.h; sourceTree = "<group>"; };
		823EE6FD1EB37694001B98B4 /* DABasePage.m */ = {isa = PBXFileReference; fileEncoding = 4; lastKnownFileType = sourcecode.c.objc; path = DABasePage.m; sourceTree = "<group>"; };
		823EE6FE1EB37694001B98B4 /* HomePage.h */ = {isa = PBXFileReference; fileEncoding = 4; lastKnownFileType = sourcecode.c.h; path = HomePage.h; sourceTree = "<group>"; };
		823EE6FF1EB37694001B98B4 /* HomePage.m */ = {isa = PBXFileReference; fileEncoding = 4; lastKnownFileType = sourcecode.c.objc; path = HomePage.m; sourceTree = "<group>"; };
		823EE7001EB37694001B98B4 /* LoginPage.h */ = {isa = PBXFileReference; fileEncoding = 4; lastKnownFileType = sourcecode.c.h; path = LoginPage.h; sourceTree = "<group>"; };
		823EE7011EB37694001B98B4 /* LoginPage.m */ = {isa = PBXFileReference; fileEncoding = 4; lastKnownFileType = sourcecode.c.objc; path = LoginPage.m; sourceTree = "<group>"; };
		823EE7021EB37694001B98B4 /* MapPage.h */ = {isa = PBXFileReference; fileEncoding = 4; lastKnownFileType = sourcecode.c.h; path = MapPage.h; sourceTree = "<group>"; };
		823EE7031EB37694001B98B4 /* MapPage.m */ = {isa = PBXFileReference; fileEncoding = 4; lastKnownFileType = sourcecode.c.objc; path = MapPage.m; sourceTree = "<group>"; };
		823EE7041EB37694001B98B4 /* MyPage.h */ = {isa = PBXFileReference; fileEncoding = 4; lastKnownFileType = sourcecode.c.h; path = MyPage.h; sourceTree = "<group>"; };
		823EE7051EB37694001B98B4 /* MyPage.m */ = {isa = PBXFileReference; fileEncoding = 4; lastKnownFileType = sourcecode.c.objc; path = MyPage.m; sourceTree = "<group>"; };
		823EE7061EB37694001B98B4 /* NewsPage.h */ = {isa = PBXFileReference; fileEncoding = 4; lastKnownFileType = sourcecode.c.h; path = NewsPage.h; sourceTree = "<group>"; };
		823EE7071EB37694001B98B4 /* NewsPage.m */ = {isa = PBXFileReference; fileEncoding = 4; lastKnownFileType = sourcecode.c.objc; path = NewsPage.m; sourceTree = "<group>"; };
		823EE70E1EB37710001B98B4 /* DABaseCell.h */ = {isa = PBXFileReference; fileEncoding = 4; lastKnownFileType = sourcecode.c.h; path = DABaseCell.h; sourceTree = "<group>"; };
		823EE70F1EB37710001B98B4 /* DABaseCell.m */ = {isa = PBXFileReference; fileEncoding = 4; lastKnownFileType = sourcecode.c.objc; path = DABaseCell.m; sourceTree = "<group>"; };
		823EE7111EB37724001B98B4 /* DABaseWidget.h */ = {isa = PBXFileReference; fileEncoding = 4; lastKnownFileType = sourcecode.c.h; path = DABaseWidget.h; sourceTree = "<group>"; };
		823EE7121EB37724001B98B4 /* DABaseWidget.m */ = {isa = PBXFileReference; fileEncoding = 4; lastKnownFileType = sourcecode.c.objc; path = DABaseWidget.m; sourceTree = "<group>"; };
		8250B41E1EADE210000F037A /* FxJSON.h */ = {isa = PBXFileReference; fileEncoding = 4; lastKnownFileType = sourcecode.c.h; path = FxJSON.h; sourceTree = "<group>"; };
		8250B41F1EADE210000F037A /* FxJSON.m */ = {isa = PBXFileReference; fileEncoding = 4; lastKnownFileType = sourcecode.c.objc; path = FxJSON.m; sourceTree = "<group>"; };
		8250B4201EADE210000F037A /* FxJsonBase.h */ = {isa = PBXFileReference; fileEncoding = 4; lastKnownFileType = sourcecode.c.h; path = FxJsonBase.h; sourceTree = "<group>"; };
		8250B4211EADE210000F037A /* FxJsonBase.m */ = {isa = PBXFileReference; fileEncoding = 4; lastKnownFileType = sourcecode.c.objc; path = FxJsonBase.m; sourceTree = "<group>"; };
		8250B4221EADE210000F037A /* FxJsonParser.h */ = {isa = PBXFileReference; fileEncoding = 4; lastKnownFileType = sourcecode.c.h; path = FxJsonParser.h; sourceTree = "<group>"; };
		8250B4231EADE210000F037A /* FxJsonParser.m */ = {isa = PBXFileReference; fileEncoding = 4; lastKnownFileType = sourcecode.c.objc; path = FxJsonParser.m; sourceTree = "<group>"; };
		8250B4241EADE210000F037A /* FxJsonUtility.h */ = {isa = PBXFileReference; fileEncoding = 4; lastKnownFileType = sourcecode.c.h; path = FxJsonUtility.h; sourceTree = "<group>"; };
		8250B4251EADE210000F037A /* FxJsonUtility.m */ = {isa = PBXFileReference; fileEncoding = 4; lastKnownFileType = sourcecode.c.objc; path = FxJsonUtility.m; sourceTree = "<group>"; };
		8250B4261EADE210000F037A /* FxJsonWriter.h */ = {isa = PBXFileReference; fileEncoding = 4; lastKnownFileType = sourcecode.c.h; path = FxJsonWriter.h; sourceTree = "<group>"; };
		8250B4271EADE210000F037A /* FxJsonWriter.m */ = {isa = PBXFileReference; fileEncoding = 4; lastKnownFileType = sourcecode.c.objc; path = FxJsonWriter.m; sourceTree = "<group>"; };
		8250B4351EAE216F000F037A /* DAFileUtility.h */ = {isa = PBXFileReference; fileEncoding = 4; lastKnownFileType = sourcecode.c.h; path = DAFileUtility.h; sourceTree = "<group>"; };
		8250B4361EAE216F000F037A /* DAFileUtility.m */ = {isa = PBXFileReference; fileEncoding = 4; lastKnownFileType = sourcecode.c.objc; path = DAFileUtility.m; sourceTree = "<group>"; };
/* End PBXFileReference section */

/* Begin PBXFrameworksBuildPhase section */
		821F2DE61EAC4BF70098081F /* Frameworks */ = {
			isa = PBXFrameworksBuildPhase;
			buildActionMask = 2147483647;
			files = (
			);
			runOnlyForDeploymentPostprocessing = 0;
		};
		821F2DFF1EAC4BF70098081F /* Frameworks */ = {
			isa = PBXFrameworksBuildPhase;
			buildActionMask = 2147483647;
			files = (
			);
			runOnlyForDeploymentPostprocessing = 0;
		};
		821F2E0A1EAC4BF70098081F /* Frameworks */ = {
			isa = PBXFrameworksBuildPhase;
			buildActionMask = 2147483647;
			files = (
			);
			runOnlyForDeploymentPostprocessing = 0;
		};
/* End PBXFrameworksBuildPhase section */

/* Begin PBXGroup section */
		820CA7801EB052CB006832B5 /* Background */ = {
			isa = PBXGroup;
			children = (
				820CA8331EB1CFB2006832B5 /* Icon60@2x.png */,
				820CA8341EB1CFB2006832B5 /* NewsDefault@2x.png */,
				820CA8351EB1CFB2006832B5 /* WeatherBack@2x.png */,
				820CA8361EB1CFB2006832B5 /* WeatherLocation@2x.png */,
				820CA8371EB1CFB2006832B5 /* WeatherShare@2x.png */,
			);
			path = Background;
			sourceTree = "<group>";
		};
		820CA7811EB052E5006832B5 /* ColumnBar */ = {
			isa = PBXGroup;
			children = (
				820CA82F1EB1CFAA006832B5 /* ColumnBarLeft@2x.png */,
				820CA8301EB1CFAA006832B5 /* ColumnBarRight@2x.png */,
			);
			path = ColumnBar;
			sourceTree = "<group>";
		};
		820CA7821EB05307006832B5 /* Login */ = {
			isa = PBXGroup;
			children = (
				820CA8211EB1CFA2006832B5 /* account_snslogin_icon_1@2x.png */,
				820CA8221EB1CFA2006832B5 /* account_snslogin_icon_3@2x.png */,
				820CA8231EB1CFA2006832B5 /* home_page_line_vertical@2x.png */,
				820CA8241EB1CFA2006832B5 /* login_button@2x.png */,
				820CA8251EB1CFA2006832B5 /* login_forgot_button@2x.png */,
				820CA8261EB1CFA2006832B5 /* login_password_icon@2x.png */,
				820CA8271EB1CFA2006832B5 /* login_username_icon@2x.png */,
			);
			path = Login;
			sourceTree = "<group>";
		};
		820CA7831EB0530F006832B5 /* NavBar */ = {
			isa = PBXGroup;
			children = (
				820CA80D1EB1CF99006832B5 /* NavBarAlpha.png */,
				820CA80E1EB1CF99006832B5 /* NavBarIcon@2x.png */,
				820CA80F1EB1CF99006832B5 /* NavBarWhite44@2x.png */,
				820CA8101EB1CF99006832B5 /* NavBarWhite64@2x.png */,
				820CA8111EB1CF99006832B5 /* NavigationBack@2x.png */,
				820CA8121EB1CF99006832B5 /* NavigationBackBlack@2x.png */,
				820CA8131EB1CF99006832B5 /* NavigationBar44@2x.png */,
				820CA8141EB1CF99006832B5 /* NavigationBar64@2x.png */,
				820CA8151EB1CF99006832B5 /* NavigationBell@2x.png */,
				820CA8161EB1CF99006832B5 /* NavigationSquare@2x.png */,
			);
			path = NavBar;
			sourceTree = "<group>";
		};
		820CA7841EB05317006832B5 /* TabBar */ = {
			isa = PBXGroup;
			children = (
				820CA7F31EB1CF90006832B5 /* DiscoveryIcon@2x.png */,
				820CA7F41EB1CF90006832B5 /* DiscoveryIconSelect@2x.png */,
				820CA7F51EB1CF90006832B5 /* MyIcon@2x.png */,
				820CA7F61EB1CF90006832B5 /* MyIconSelect@2x.png */,
				820CA7F71EB1CF90006832B5 /* NewsIcon@2x.png */,
				820CA7F81EB1CF90006832B5 /* NewsIconSelect@2x.png */,
				820CA7F91EB1CF90006832B5 /* ReaderIcon@2x.png */,
				820CA7FA1EB1CF90006832B5 /* ReaderIconSelect@2x.png */,
				820CA7FB1EB1CF90006832B5 /* tabbar_icon_media_highlight@2x.png */,
				820CA7FC1EB1CF90006832B5 /* tabbar_icon_media_normal@2x.png */,
				820CA7FD1EB1CF90006832B5 /* TabBarShadow@2x.png */,
				820CA7FE1EB1CF90006832B5 /* VoiceIcon@2x.png */,
				820CA7FF1EB1CF90006832B5 /* VoiceIconSelect@2x.png */,
			);
			path = TabBar;
			sourceTree = "<group>";
		};
		820CA7E91EB17FD1006832B5 /* Page */ = {
			isa = PBXGroup;
			children = (
				823EE6FC1EB37694001B98B4 /* DABasePage.h */,
				823EE6FD1EB37694001B98B4 /* DABasePage.m */,
				823EE6FE1EB37694001B98B4 /* HomePage.h */,
				823EE6FF1EB37694001B98B4 /* HomePage.m */,
				823EE7001EB37694001B98B4 /* LoginPage.h */,
				823EE7011EB37694001B98B4 /* LoginPage.m */,
				823EE7021EB37694001B98B4 /* MapPage.h */,
				823EE7031EB37694001B98B4 /* MapPage.m */,
				823EE7041EB37694001B98B4 /* MyPage.h */,
				823EE7051EB37694001B98B4 /* MyPage.m */,
				823EE7061EB37694001B98B4 /* NewsPage.h */,
				823EE7071EB37694001B98B4 /* NewsPage.m */,
			);
			path = Page;
			sourceTree = "<group>";
		};
		821F2DE01EAC4BF70098081F = {
			isa = PBXGroup;
			children = (
				821F2E1F1EAC4CF20098081F /* Readme */,
				821F2DEB1EAC4BF70098081F /* DesignAliance */,
				821F2E051EAC4BF70098081F /* DesignAlianceTests */,
				821F2E101EAC4BF70098081F /* DesignAlianceUITests */,
				821F2DEA1EAC4BF70098081F /* Products */,
			);
			sourceTree = "<group>";
		};
		821F2DEA1EAC4BF70098081F /* Products */ = {
			isa = PBXGroup;
			children = (
				821F2DE91EAC4BF70098081F /* DesignAliance.app */,
				821F2E021EAC4BF70098081F /* DesignAlianceTests.xctest */,
				821F2E0D1EAC4BF70098081F /* DesignAlianceUITests.xctest */,
			);
			name = Products;
			sourceTree = "<group>";
		};
		821F2DEB1EAC4BF70098081F /* DesignAliance */ = {
			isa = PBXGroup;
			children = (
				821F2E201EAC4DAB0098081F /* Global */,
				821F2E221EAC4DCF0098081F /* Model */,
				821F2E211EAC4DB80098081F /* Controller */,
				821F2E231EAC4DDA0098081F /* Operation */,
				821F2E241EAC4E340098081F /* DB */,
				821F2E251EAC4E5E0098081F /* Utility */,
				821F2E261EAC4E740098081F /* ThirdSDK */,
				821F2E4A1EAC90100098081F /* Define */,
				821F2DEF1EAC4BF70098081F /* AppDelegate.h */,
				821F2DF01EAC4BF70098081F /* AppDelegate.m */,
				821F2E271EAC4E7F0098081F /* Resources */,
				821F2DEC1EAC4BF70098081F /* Supporting Files */,
			);
			path = DesignAliance;
			sourceTree = "<group>";
		};
		821F2DEC1EAC4BF70098081F /* Supporting Files */ = {
			isa = PBXGroup;
			children = (
				821F2DFD1EAC4BF70098081F /* Info.plist */,
				821F2DED1EAC4BF70098081F /* main.m */,
				821F2E4B1EAC91E50098081F /* DesignAliance-Prefix.pch */,
			);
			name = "Supporting Files";
			sourceTree = "<group>";
		};
		821F2E051EAC4BF70098081F /* DesignAlianceTests */ = {
			isa = PBXGroup;
			children = (
				821F2E061EAC4BF70098081F /* DesignAlianceTests.m */,
				821F2E081EAC4BF70098081F /* Info.plist */,
			);
			path = DesignAlianceTests;
			sourceTree = "<group>";
		};
		821F2E101EAC4BF70098081F /* DesignAlianceUITests */ = {
			isa = PBXGroup;
			children = (
				821F2E111EAC4BF70098081F /* DesignAlianceUITests.m */,
				821F2E131EAC4BF70098081F /* Info.plist */,
			);
			path = DesignAlianceUITests;
			sourceTree = "<group>";
		};
		821F2E201EAC4DAB0098081F /* Global */ = {
			isa = PBXGroup;
			children = (
				821732501EB58B1F006B3387 /* DADownload.h */,
				821732511EB58B1F006B3387 /* DADownload.m */,
				821732521EB58B1F006B3387 /* DAGlobal.h */,
				821732531EB58B1F006B3387 /* DAGlobal.m */,
			);
			path = Global;
			sourceTree = "<group>";
		};
		821F2E211EAC4DB80098081F /* Controller */ = {
			isa = PBXGroup;
			children = (
				821F2E541EACB7CF0098081F /* DABaseController.h */,
				821F2E551EACB7CF0098081F /* DABaseController.m */,
				8217322C1EB44560006B3387 /* DAColumnViewController.h */,
				8217322D1EB44560006B3387 /* DAColumnViewController.m */,
				820CA7E91EB17FD1006832B5 /* Page */,
				821F2E2B1EAC4FA30098081F /* Cell */,
				821F2E2A1EAC4F980098081F /* Widget */,
			);
			path = Controller;
			sourceTree = "<group>";
		};
		821F2E221EAC4DCF0098081F /* Model */ = {
			isa = PBXGroup;
			children = (
				821F2E5D1EACB9850098081F /* DABaseModel.h */,
				821F2E5E1EACB9850098081F /* DABaseModel.m */,
				820CA7751EB03418006832B5 /* UserModel.h */,
				820CA7761EB03418006832B5 /* UserModel.m */,
				823EE6EE1EB34150001B98B4 /* PageModel.h */,
				823EE6EF1EB34150001B98B4 /* PageModel.m */,
				8217321E1EB42635006B3387 /* NewsModel.h */,
				8217321F1EB42635006B3387 /* NewsModel.m */,
			);
			path = Model;
			sourceTree = "<group>";
		};
		821F2E231EAC4DDA0098081F /* Operation */ = {
			isa = PBXGroup;
			children = (
				821F2E7F1EACCC460098081F /* DABaseOperation.h */,
				821F2E801EACCC460098081F /* DABaseOperation.m */,
				820CA7781EB0368A006832B5 /* DALogin.h */,
				820CA7791EB0368A006832B5 /* DALogin.m */,
				8217323B1EB48F85006B3387 /* DANews.h */,
				8217323C1EB48F85006B3387 /* DANews.m */,
			);
			name = Operation;
			path = Network;
			sourceTree = "<group>";
		};
		821F2E241EAC4E340098081F /* DB */ = {
			isa = PBXGroup;
			children = (
			);
			path = DB;
			sourceTree = "<group>";
		};
		821F2E251EAC4E5E0098081F /* Utility */ = {
			isa = PBXGroup;
			children = (
				821732181EB42174006B3387 /* DAButtonHelper.h */,
				821732191EB42174006B3387 /* DAButtonHelper.m */,
				8250B4351EAE216F000F037A /* DAFileUtility.h */,
				8250B4361EAE216F000F037A /* DAFileUtility.m */,
				820CA7611EAF0DFF006832B5 /* DAActivity.h */,
				820CA7621EAF0DFF006832B5 /* DAActivity.m */,
				820CA7641EAF2178006832B5 /* DAActivityIndicator.h */,
				820CA7651EAF2178006832B5 /* DAActivityIndicator.m */,
			);
			path = Utility;
			sourceTree = "<group>";
		};
		821F2E261EAC4E740098081F /* ThirdSDK */ = {
			isa = PBXGroup;
			children = (
				8250B40E1EADDD2C000F037A /* JsonFramework */,
			);
			path = ThirdSDK;
			sourceTree = "<group>";
		};
		821F2E271EAC4E7F0098081F /* Resources */ = {
			isa = PBXGroup;
			children = (
				821F2E2C1EAC4FB80098081F /* Config */,
				821F2E2D1EAC4FBF0098081F /* Image */,
				821F2E2E1EAC4FD30098081F /* Xib */,
			);
			path = Resources;
			sourceTree = "<group>";
		};
		821F2E2A1EAC4F980098081F /* Widget */ = {
			isa = PBXGroup;
			children = (
				823EE7111EB37724001B98B4 /* DABaseWidget.h */,
				823EE7121EB37724001B98B4 /* DABaseWidget.m */,
				821732311EB446F7006B3387 /* DADesignNewsWidget.h */,
				8217322F1EB446F7006B3387 /* DADesignNewsWidget.m */,
				821732331EB446F7006B3387 /* DADesignMissionWidget.h */,
				821732321EB446F7006B3387 /* DADesignMissionWidget.m */,
				821732341EB446F7006B3387 /* DADesignTalentsWidget.h */,
				821732301EB446F7006B3387 /* DADesignTalentsWidget.m */,
				821732431EB4FBD7006B3387 /* DATableWidget.h */,
				821732441EB4FBD7006B3387 /* DATableWidget.m */,
			);
			path = Widget;
			sourceTree = "<group>";
		};
		821F2E2B1EAC4FA30098081F /* Cell */ = {
			isa = PBXGroup;
			children = (
				823EE70E1EB37710001B98B4 /* DABaseCell.h */,
				823EE70F1EB37710001B98B4 /* DABaseCell.m */,
				821732381EB466AB006B3387 /* DesignNewsCell.h */,
				821732391EB466AB006B3387 /* DesignNewsCell.m */,
				821732481EB5859F006B3387 /* NewsMoreCell.h */,
				821732491EB5859F006B3387 /* NewsMoreCell.m */,
			);
			path = Cell;
			sourceTree = "<group>";
		};
		821F2E2C1EAC4FB80098081F /* Config */ = {
			isa = PBXGroup;
			children = (
				823EE6EC1EB33BAB001B98B4 /* TabBarPages.plist */,
			);
			path = Config;
			sourceTree = "<group>";
		};
		821F2E2D1EAC4FBF0098081F /* Image */ = {
			isa = PBXGroup;
			children = (
				820CA7841EB05317006832B5 /* TabBar */,
				820CA7831EB0530F006832B5 /* NavBar */,
				820CA7821EB05307006832B5 /* Login */,
				820CA7811EB052E5006832B5 /* ColumnBar */,
				820CA7801EB052CB006832B5 /* Background */,
				820CA7691EAF5296006832B5 /* Assets.xcassets */,
			);
			path = Image;
			sourceTree = "<group>";
		};
		821F2E2E1EAC4FD30098081F /* Xib */ = {
			isa = PBXGroup;
			children = (
				821946CC1EB23D6200EB68F3 /* Main.storyboard */,
				820CA77E1EB0389E006832B5 /* LoginPage.xib */,
				821732411EB4D446006B3387 /* DesignNewsCell.xib */,
				821732461EB58209006B3387 /* DADesignNewsWidget.xib */,
				8217324B1EB585F4006B3387 /* NewsMoreCell.xib */,
			);
			path = Xib;
			sourceTree = "<group>";
		};
		821F2E4A1EAC90100098081F /* Define */ = {
			isa = PBXGroup;
			children = (
				821F2E281EAC4F060098081F /* Defines.h */,
				821F2E711EACBD8E0098081F /* URLDefine.h */,
			);
			path = Define;
			sourceTree = "<group>";
		};
		8250B40E1EADDD2C000F037A /* JsonFramework */ = {
			isa = PBXGroup;
			children = (
				8250B41E1EADE210000F037A /* FxJSON.h */,
				8250B41F1EADE210000F037A /* FxJSON.m */,
				8250B4201EADE210000F037A /* FxJsonBase.h */,
				8250B4211EADE210000F037A /* FxJsonBase.m */,
				8250B4221EADE210000F037A /* FxJsonParser.h */,
				8250B4231EADE210000F037A /* FxJsonParser.m */,
				8250B4241EADE210000F037A /* FxJsonUtility.h */,
				8250B4251EADE210000F037A /* FxJsonUtility.m */,
				8250B4261EADE210000F037A /* FxJsonWriter.h */,
				8250B4271EADE210000F037A /* FxJsonWriter.m */,
			);
			path = JsonFramework;
			sourceTree = "<group>";
		};
/* End PBXGroup section */

/* Begin PBXNativeTarget section */
		821F2DE81EAC4BF70098081F /* DesignAliance */ = {
			isa = PBXNativeTarget;
			buildConfigurationList = 821F2E161EAC4BF70098081F /* Build configuration list for PBXNativeTarget "DesignAliance" */;
			buildPhases = (
				821F2DE61EAC4BF70098081F /* Frameworks */,
				821F2DE51EAC4BF70098081F /* Sources */,
				821F2DE71EAC4BF70098081F /* Resources */,
			);
			buildRules = (
			);
			dependencies = (
			);
			name = DesignAliance;
			productName = DesignAliance;
			productReference = 821F2DE91EAC4BF70098081F /* DesignAliance.app */;
			productType = "com.apple.product-type.application";
		};
		821F2E011EAC4BF70098081F /* DesignAlianceTests */ = {
			isa = PBXNativeTarget;
			buildConfigurationList = 821F2E191EAC4BF70098081F /* Build configuration list for PBXNativeTarget "DesignAlianceTests" */;
			buildPhases = (
				821F2DFE1EAC4BF70098081F /* Sources */,
				821F2DFF1EAC4BF70098081F /* Frameworks */,
				821F2E001EAC4BF70098081F /* Resources */,
			);
			buildRules = (
			);
			dependencies = (
				821F2E041EAC4BF70098081F /* PBXTargetDependency */,
			);
			name = DesignAlianceTests;
			productName = DesignAlianceTests;
			productReference = 821F2E021EAC4BF70098081F /* DesignAlianceTests.xctest */;
			productType = "com.apple.product-type.bundle.unit-test";
		};
		821F2E0C1EAC4BF70098081F /* DesignAlianceUITests */ = {
			isa = PBXNativeTarget;
			buildConfigurationList = 821F2E1C1EAC4BF70098081F /* Build configuration list for PBXNativeTarget "DesignAlianceUITests" */;
			buildPhases = (
				821F2E091EAC4BF70098081F /* Sources */,
				821F2E0A1EAC4BF70098081F /* Frameworks */,
				821F2E0B1EAC4BF70098081F /* Resources */,
			);
			buildRules = (
			);
			dependencies = (
				821F2E0F1EAC4BF70098081F /* PBXTargetDependency */,
			);
			name = DesignAlianceUITests;
			productName = DesignAlianceUITests;
			productReference = 821F2E0D1EAC4BF70098081F /* DesignAlianceUITests.xctest */;
			productType = "com.apple.product-type.bundle.ui-testing";
		};
/* End PBXNativeTarget section */

/* Begin PBXProject section */
		821F2DE11EAC4BF70098081F /* Project object */ = {
			isa = PBXProject;
			attributes = {
				LastUpgradeCheck = 0820;
				ORGANIZATIONNAME = zues;
				TargetAttributes = {
					821F2DE81EAC4BF70098081F = {
						CreatedOnToolsVersion = 8.2;
						DevelopmentTeam = TGSY8NT3H9;
						ProvisioningStyle = Automatic;
					};
					821F2E011EAC4BF70098081F = {
						CreatedOnToolsVersion = 8.2;
						DevelopmentTeam = TGSY8NT3H9;
						ProvisioningStyle = Automatic;
						TestTargetID = 821F2DE81EAC4BF70098081F;
					};
					821F2E0C1EAC4BF70098081F = {
						CreatedOnToolsVersion = 8.2;
						DevelopmentTeam = TGSY8NT3H9;
						ProvisioningStyle = Automatic;
						TestTargetID = 821F2DE81EAC4BF70098081F;
					};
				};
			};
			buildConfigurationList = 821F2DE41EAC4BF70098081F /* Build configuration list for PBXProject "DesignAliance" */;
			compatibilityVersion = "Xcode 3.2";
			developmentRegion = English;
			hasScannedForEncodings = 0;
			knownRegions = (
				en,
				Base,
			);
			mainGroup = 821F2DE01EAC4BF70098081F;
			productRefGroup = 821F2DEA1EAC4BF70098081F /* Products */;
			projectDirPath = "";
			projectRoot = "";
			targets = (
				821F2DE81EAC4BF70098081F /* DesignAliance */,
				821F2E011EAC4BF70098081F /* DesignAlianceTests */,
				821F2E0C1EAC4BF70098081F /* DesignAlianceUITests */,
			);
		};
/* End PBXProject section */

/* Begin PBXResourcesBuildPhase section */
		821F2DE71EAC4BF70098081F /* Resources */ = {
			isa = PBXResourcesBuildPhase;
			buildActionMask = 2147483647;
			files = (
				820CA8191EB1CF99006832B5 /* NavBarWhite44@2x.png in Resources */,
				820CA8051EB1CF90006832B5 /* NewsIconSelect@2x.png in Resources */,
				820CA82A1EB1CFA2006832B5 /* home_page_line_vertical@2x.png in Resources */,
				820CA83B1EB1CFB2006832B5 /* WeatherLocation@2x.png in Resources */,
				820CA82B1EB1CFA2006832B5 /* login_button@2x.png in Resources */,
				820CA81F1EB1CF99006832B5 /* NavigationBell@2x.png in Resources */,
				820CA8081EB1CF90006832B5 /* tabbar_icon_media_highlight@2x.png in Resources */,
				820CA82D1EB1CFA2006832B5 /* login_password_icon@2x.png in Resources */,
				820CA77F1EB0389E006832B5 /* LoginPage.xib in Resources */,
				820CA8171EB1CF99006832B5 /* NavBarAlpha.png in Resources */,
				820CA80A1EB1CF90006832B5 /* TabBarShadow@2x.png in Resources */,
				820CA83A1EB1CFB2006832B5 /* WeatherBack@2x.png in Resources */,
				821732421EB4D446006B3387 /* DesignNewsCell.xib in Resources */,
				820CA81B1EB1CF99006832B5 /* NavigationBack@2x.png in Resources */,
				820CA81D1EB1CF99006832B5 /* NavigationBar44@2x.png in Resources */,
				820CA8021EB1CF90006832B5 /* MyIcon@2x.png in Resources */,
				820CA8311EB1CFAA006832B5 /* ColumnBarLeft@2x.png in Resources */,
				820CA8091EB1CF90006832B5 /* tabbar_icon_media_normal@2x.png in Resources */,
				8217324C1EB585F4006B3387 /* NewsMoreCell.xib in Resources */,
				820CA8281EB1CFA2006832B5 /* account_snslogin_icon_1@2x.png in Resources */,
				820CA8011EB1CF90006832B5 /* DiscoveryIconSelect@2x.png in Resources */,
				820CA8291EB1CFA2006832B5 /* account_snslogin_icon_3@2x.png in Resources */,
				821946CD1EB23D6200EB68F3 /* Main.storyboard in Resources */,
				820CA8321EB1CFAA006832B5 /* ColumnBarRight@2x.png in Resources */,
				820CA8201EB1CF99006832B5 /* NavigationSquare@2x.png in Resources */,
				820CA8391EB1CFB2006832B5 /* NewsDefault@2x.png in Resources */,
				820CA8001EB1CF90006832B5 /* DiscoveryIcon@2x.png in Resources */,
				820CA8041EB1CF90006832B5 /* NewsIcon@2x.png in Resources */,
				820CA8061EB1CF90006832B5 /* ReaderIcon@2x.png in Resources */,
				820CA81C1EB1CF99006832B5 /* NavigationBackBlack@2x.png in Resources */,
				820CA81A1EB1CF99006832B5 /* NavBarWhite64@2x.png in Resources */,
				823EE6ED1EB33BAB001B98B4 /* TabBarPages.plist in Resources */,
				820CA8071EB1CF90006832B5 /* ReaderIconSelect@2x.png in Resources */,
				820CA80B1EB1CF90006832B5 /* VoiceIcon@2x.png in Resources */,
				820CA80C1EB1CF90006832B5 /* VoiceIconSelect@2x.png in Resources */,
				820CA81E1EB1CF99006832B5 /* NavigationBar64@2x.png in Resources */,
				820CA82C1EB1CFA2006832B5 /* login_forgot_button@2x.png in Resources */,
				821F2E841EAD8E200098081F /* JsonFramework in Resources */,
				820CA8181EB1CF99006832B5 /* NavBarIcon@2x.png in Resources */,
				820CA82E1EB1CFA2006832B5 /* login_username_icon@2x.png in Resources */,
				820CA8381EB1CFB2006832B5 /* Icon60@2x.png in Resources */,
				820CA76F1EAF5296006832B5 /* Assets.xcassets in Resources */,
				820CA8031EB1CF90006832B5 /* MyIconSelect@2x.png in Resources */,
				820CA83C1EB1CFB2006832B5 /* WeatherShare@2x.png in Resources */,
				821732471EB58209006B3387 /* DADesignNewsWidget.xib in Resources */,
			);
			runOnlyForDeploymentPostprocessing = 0;
		};
		821F2E001EAC4BF70098081F /* Resources */ = {
			isa = PBXResourcesBuildPhase;
			buildActionMask = 2147483647;
			files = (
			);
			runOnlyForDeploymentPostprocessing = 0;
		};
		821F2E0B1EAC4BF70098081F /* Resources */ = {
			isa = PBXResourcesBuildPhase;
			buildActionMask = 2147483647;
			files = (
			);
			runOnlyForDeploymentPostprocessing = 0;
		};
/* End PBXResourcesBuildPhase section */

/* Begin PBXSourcesBuildPhase section */
		821F2DE51EAC4BF70098081F /* Sources */ = {
			isa = PBXSourcesBuildPhase;
			buildActionMask = 2147483647;
			files = (
				8217324A1EB5859F006B3387 /* NewsMoreCell.m in Sources */,
				821732371EB446F7006B3387 /* DADesignMissionWidget.m in Sources */,
				821F2E561EACB7CF0098081F /* DABaseController.m in Sources */,
				8217323A1EB466AB006B3387 /* DesignNewsCell.m in Sources */,
				823EE7091EB37694001B98B4 /* HomePage.m in Sources */,
				821F2E811EACCC460098081F /* DABaseOperation.m in Sources */,
				8250B4371EAE216F000F037A /* DAFileUtility.m in Sources */,
				821F2E5F1EACB9850098081F /* DABaseModel.m in Sources */,
				823EE6F01EB34150001B98B4 /* PageModel.m in Sources */,
				820CA7661EAF2178006832B5 /* DAActivityIndicator.m in Sources */,
				820CA7631EAF0DFF006832B5 /* DAActivity.m in Sources */,
				821732201EB42635006B3387 /* NewsModel.m in Sources */,
				823EE7101EB37710001B98B4 /* DABaseCell.m in Sources */,
				823EE7081EB37694001B98B4 /* DABasePage.m in Sources */,
				821732451EB4FBD7006B3387 /* DATableWidget.m in Sources */,
				823EE70B1EB37694001B98B4 /* MapPage.m in Sources */,
				823EE7131EB37724001B98B4 /* DABaseWidget.m in Sources */,
				820CA77A1EB0368A006832B5 /* DALogin.m in Sources */,
				8250B42A1EADE210000F037A /* FxJsonParser.m in Sources */,
				8217323D1EB48F85006B3387 /* DANews.m in Sources */,
				8250B4281EADE210000F037A /* FxJSON.m in Sources */,
				8250B4291EADE210000F037A /* FxJsonBase.m in Sources */,
				821F2DF11EAC4BF70098081F /* AppDelegate.m in Sources */,
				823EE70D1EB37694001B98B4 /* NewsPage.m in Sources */,
				821F2DEE1EAC4BF70098081F /* main.m in Sources */,
				823EE70A1EB37694001B98B4 /* LoginPage.m in Sources */,
				8217321A1EB42174006B3387 /* DAButtonHelper.m in Sources */,
				820CA7771EB03418006832B5 /* UserModel.m in Sources */,
				8250B42B1EADE211000F037A /* FxJsonUtility.m in Sources */,
				823EE70C1EB37694001B98B4 /* MyPage.m in Sources */,
				821732361EB446F7006B3387 /* DADesignTalentsWidget.m in Sources */,
				8250B42C1EADE211000F037A /* FxJsonWriter.m in Sources */,
				821732351EB446F7006B3387 /* DADesignNewsWidget.m in Sources */,
				821732541EB58B1F006B3387 /* DADownload.m in Sources */,
				8217322E1EB44560006B3387 /* DAColumnViewController.m in Sources */,
				821732551EB58B1F006B3387 /* DAGlobal.m in Sources */,
			);
			runOnlyForDeploymentPostprocessing = 0;
		};
		821F2DFE1EAC4BF70098081F /* Sources */ = {
			isa = PBXSourcesBuildPhase;
			buildActionMask = 2147483647;
			files = (
				821F2E071EAC4BF70098081F /* DesignAlianceTests.m in Sources */,
			);
			runOnlyForDeploymentPostprocessing = 0;
		};
		821F2E091EAC4BF70098081F /* Sources */ = {
			isa = PBXSourcesBuildPhase;
			buildActionMask = 2147483647;
			files = (
				821F2E121EAC4BF70098081F /* DesignAlianceUITests.m in Sources */,
			);
			runOnlyForDeploymentPostprocessing = 0;
		};
/* End PBXSourcesBuildPhase section */

/* Begin PBXTargetDependency section */
		821F2E041EAC4BF70098081F /* PBXTargetDependency */ = {
			isa = PBXTargetDependency;
			target = 821F2DE81EAC4BF70098081F /* DesignAliance */;
			targetProxy = 821F2E031EAC4BF70098081F /* PBXContainerItemProxy */;
		};
		821F2E0F1EAC4BF70098081F /* PBXTargetDependency */ = {
			isa = PBXTargetDependency;
			target = 821F2DE81EAC4BF70098081F /* DesignAliance */;
			targetProxy = 821F2E0E1EAC4BF70098081F /* PBXContainerItemProxy */;
		};
/* End PBXTargetDependency section */

/* Begin XCBuildConfiguration section */
		821F2E141EAC4BF70098081F /* Debug */ = {
			isa = XCBuildConfiguration;
			buildSettings = {
				ALWAYS_SEARCH_USER_PATHS = NO;
				CLANG_ANALYZER_NONNULL = YES;
				CLANG_CXX_LANGUAGE_STANDARD = "gnu++0x";
				CLANG_CXX_LIBRARY = "libc++";
				CLANG_ENABLE_MODULES = YES;
				CLANG_ENABLE_OBJC_ARC = YES;
				CLANG_WARN_BOOL_CONVERSION = YES;
				CLANG_WARN_CONSTANT_CONVERSION = YES;
				CLANG_WARN_DIRECT_OBJC_ISA_USAGE = YES_ERROR;
				CLANG_WARN_DOCUMENTATION_COMMENTS = YES;
				CLANG_WARN_EMPTY_BODY = YES;
				CLANG_WARN_ENUM_CONVERSION = YES;
				CLANG_WARN_INFINITE_RECURSION = YES;
				CLANG_WARN_INT_CONVERSION = YES;
				CLANG_WARN_OBJC_ROOT_CLASS = YES_ERROR;
				CLANG_WARN_SUSPICIOUS_MOVE = YES;
				CLANG_WARN_UNREACHABLE_CODE = YES;
				CLANG_WARN__DUPLICATE_METHOD_MATCH = YES;
				"CODE_SIGN_IDENTITY[sdk=iphoneos*]" = "iPhone Developer";
				COPY_PHASE_STRIP = NO;
				DEBUG_INFORMATION_FORMAT = dwarf;
				ENABLE_STRICT_OBJC_MSGSEND = YES;
				ENABLE_TESTABILITY = YES;
				GCC_C_LANGUAGE_STANDARD = gnu99;
				GCC_DYNAMIC_NO_PIC = NO;
				GCC_NO_COMMON_BLOCKS = YES;
				GCC_OPTIMIZATION_LEVEL = 0;
				GCC_PREPROCESSOR_DEFINITIONS = (
					"DEBUG=1",
					"$(inherited)",
				);
				GCC_WARN_64_TO_32_BIT_CONVERSION = YES;
				GCC_WARN_ABOUT_RETURN_TYPE = YES_ERROR;
				GCC_WARN_UNDECLARED_SELECTOR = YES;
				GCC_WARN_UNINITIALIZED_AUTOS = YES_AGGRESSIVE;
				GCC_WARN_UNUSED_FUNCTION = YES;
				GCC_WARN_UNUSED_VARIABLE = YES;
				IPHONEOS_DEPLOYMENT_TARGET = 10.2;
				MTL_ENABLE_DEBUG_INFO = YES;
				ONLY_ACTIVE_ARCH = YES;
				SDKROOT = iphoneos;
			};
			name = Debug;
		};
		821F2E151EAC4BF70098081F /* Release */ = {
			isa = XCBuildConfiguration;
			buildSettings = {
				ALWAYS_SEARCH_USER_PATHS = NO;
				CLANG_ANALYZER_NONNULL = YES;
				CLANG_CXX_LANGUAGE_STANDARD = "gnu++0x";
				CLANG_CXX_LIBRARY = "libc++";
				CLANG_ENABLE_MODULES = YES;
				CLANG_ENABLE_OBJC_ARC = YES;
				CLANG_WARN_BOOL_CONVERSION = YES;
				CLANG_WARN_CONSTANT_CONVERSION = YES;
				CLANG_WARN_DIRECT_OBJC_ISA_USAGE = YES_ERROR;
				CLANG_WARN_DOCUMENTATION_COMMENTS = YES;
				CLANG_WARN_EMPTY_BODY = YES;
				CLANG_WARN_ENUM_CONVERSION = YES;
				CLANG_WARN_INFINITE_RECURSION = YES;
				CLANG_WARN_INT_CONVERSION = YES;
				CLANG_WARN_OBJC_ROOT_CLASS = YES_ERROR;
				CLANG_WARN_SUSPICIOUS_MOVE = YES;
				CLANG_WARN_UNREACHABLE_CODE = YES;
				CLANG_WARN__DUPLICATE_METHOD_MATCH = YES;
				"CODE_SIGN_IDENTITY[sdk=iphoneos*]" = "iPhone Developer";
				COPY_PHASE_STRIP = NO;
				DEBUG_INFORMATION_FORMAT = "dwarf-with-dsym";
				ENABLE_NS_ASSERTIONS = NO;
				ENABLE_STRICT_OBJC_MSGSEND = YES;
				GCC_C_LANGUAGE_STANDARD = gnu99;
				GCC_NO_COMMON_BLOCKS = YES;
				GCC_WARN_64_TO_32_BIT_CONVERSION = YES;
				GCC_WARN_ABOUT_RETURN_TYPE = YES_ERROR;
				GCC_WARN_UNDECLARED_SELECTOR = YES;
				GCC_WARN_UNINITIALIZED_AUTOS = YES_AGGRESSIVE;
				GCC_WARN_UNUSED_FUNCTION = YES;
				GCC_WARN_UNUSED_VARIABLE = YES;
				IPHONEOS_DEPLOYMENT_TARGET = 10.2;
				MTL_ENABLE_DEBUG_INFO = NO;
				SDKROOT = iphoneos;
				VALIDATE_PRODUCT = YES;
			};
			name = Release;
		};
		821F2E171EAC4BF70098081F /* Debug */ = {
			isa = XCBuildConfiguration;
			buildSettings = {
				ASSETCATALOG_COMPILER_APPICON_NAME = AppIcon;
				ASSETCATALOG_COMPILER_LAUNCHIMAGE_NAME = LaunchImage;
				DEVELOPMENT_TEAM = TGSY8NT3H9;
				GCC_PREFIX_HEADER = "DesignAliance/DesignAliance-Prefix.pch";
				INFOPLIST_FILE = DesignAliance/Info.plist;
				LD_RUNPATH_SEARCH_PATHS = "$(inherited) @executable_path/Frameworks";
				PRODUCT_BUNDLE_IDENTIFIER = com.snowwolf.DesignAliance;
				PRODUCT_NAME = "$(TARGET_NAME)";
			};
			name = Debug;
		};
		821F2E181EAC4BF70098081F /* Release */ = {
			isa = XCBuildConfiguration;
			buildSettings = {
				ASSETCATALOG_COMPILER_APPICON_NAME = AppIcon;
				ASSETCATALOG_COMPILER_LAUNCHIMAGE_NAME = LaunchImage;
				DEVELOPMENT_TEAM = TGSY8NT3H9;
				GCC_PREFIX_HEADER = "DesignAliance/DesignAliance-Prefix.pch";
				INFOPLIST_FILE = DesignAliance/Info.plist;
				LD_RUNPATH_SEARCH_PATHS = "$(inherited) @executable_path/Frameworks";
				PRODUCT_BUNDLE_IDENTIFIER = com.snowwolf.DesignAliance;
				PRODUCT_NAME = "$(TARGET_NAME)";
			};
			name = Release;
		};
		821F2E1A1EAC4BF70098081F /* Debug */ = {
			isa = XCBuildConfiguration;
			buildSettings = {
				BUNDLE_LOADER = "$(TEST_HOST)";
				DEVELOPMENT_TEAM = TGSY8NT3H9;
				INFOPLIST_FILE = DesignAlianceTests/Info.plist;
				LD_RUNPATH_SEARCH_PATHS = "$(inherited) @executable_path/Frameworks @loader_path/Frameworks";
				PRODUCT_BUNDLE_IDENTIFIER = com.snowwolf.DesignAlianceTests;
				PRODUCT_NAME = "$(TARGET_NAME)";
				TEST_HOST = "$(BUILT_PRODUCTS_DIR)/DesignAliance.app/DesignAliance";
			};
			name = Debug;
		};
		821F2E1B1EAC4BF70098081F /* Release */ = {
			isa = XCBuildConfiguration;
			buildSettings = {
				BUNDLE_LOADER = "$(TEST_HOST)";
				DEVELOPMENT_TEAM = TGSY8NT3H9;
				INFOPLIST_FILE = DesignAlianceTests/Info.plist;
				LD_RUNPATH_SEARCH_PATHS = "$(inherited) @executable_path/Frameworks @loader_path/Frameworks";
				PRODUCT_BUNDLE_IDENTIFIER = com.snowwolf.DesignAlianceTests;
				PRODUCT_NAME = "$(TARGET_NAME)";
				TEST_HOST = "$(BUILT_PRODUCTS_DIR)/DesignAliance.app/DesignAliance";
			};
			name = Release;
		};
		821F2E1D1EAC4BF70098081F /* Debug */ = {
			isa = XCBuildConfiguration;
			buildSettings = {
				DEVELOPMENT_TEAM = TGSY8NT3H9;
				INFOPLIST_FILE = DesignAlianceUITests/Info.plist;
				LD_RUNPATH_SEARCH_PATHS = "$(inherited) @executable_path/Frameworks @loader_path/Frameworks";
				PRODUCT_BUNDLE_IDENTIFIER = com.snowwolf.DesignAlianceUITests;
				PRODUCT_NAME = "$(TARGET_NAME)";
				TEST_TARGET_NAME = DesignAliance;
			};
			name = Debug;
		};
		821F2E1E1EAC4BF70098081F /* Release */ = {
			isa = XCBuildConfiguration;
			buildSettings = {
				DEVELOPMENT_TEAM = TGSY8NT3H9;
				INFOPLIST_FILE = DesignAlianceUITests/Info.plist;
				LD_RUNPATH_SEARCH_PATHS = "$(inherited) @executable_path/Frameworks @loader_path/Frameworks";
				PRODUCT_BUNDLE_IDENTIFIER = com.snowwolf.DesignAlianceUITests;
				PRODUCT_NAME = "$(TARGET_NAME)";
				TEST_TARGET_NAME = DesignAliance;
			};
			name = Release;
		};
		821F2E731EACC9B60098081F /* AppStore */ = {
			isa = XCBuildConfiguration;
			buildSettings = {
				ALWAYS_SEARCH_USER_PATHS = NO;
				CLANG_ANALYZER_NONNULL = YES;
				CLANG_CXX_LANGUAGE_STANDARD = "gnu++0x";
				CLANG_CXX_LIBRARY = "libc++";
				CLANG_ENABLE_MODULES = YES;
				CLANG_ENABLE_OBJC_ARC = YES;
				CLANG_WARN_BOOL_CONVERSION = YES;
				CLANG_WARN_CONSTANT_CONVERSION = YES;
				CLANG_WARN_DIRECT_OBJC_ISA_USAGE = YES_ERROR;
				CLANG_WARN_DOCUMENTATION_COMMENTS = YES;
				CLANG_WARN_EMPTY_BODY = YES;
				CLANG_WARN_ENUM_CONVERSION = YES;
				CLANG_WARN_INFINITE_RECURSION = YES;
				CLANG_WARN_INT_CONVERSION = YES;
				CLANG_WARN_OBJC_ROOT_CLASS = YES_ERROR;
				CLANG_WARN_SUSPICIOUS_MOVE = YES;
				CLANG_WARN_UNREACHABLE_CODE = YES;
				CLANG_WARN__DUPLICATE_METHOD_MATCH = YES;
				"CODE_SIGN_IDENTITY[sdk=iphoneos*]" = "iPhone Developer";
				COPY_PHASE_STRIP = NO;
				DEBUG_INFORMATION_FORMAT = "dwarf-with-dsym";
				ENABLE_NS_ASSERTIONS = NO;
				ENABLE_STRICT_OBJC_MSGSEND = YES;
				GCC_C_LANGUAGE_STANDARD = gnu99;
				GCC_NO_COMMON_BLOCKS = YES;
				GCC_WARN_64_TO_32_BIT_CONVERSION = YES;
				GCC_WARN_ABOUT_RETURN_TYPE = YES_ERROR;
				GCC_WARN_UNDECLARED_SELECTOR = YES;
				GCC_WARN_UNINITIALIZED_AUTOS = YES_AGGRESSIVE;
				GCC_WARN_UNUSED_FUNCTION = YES;
				GCC_WARN_UNUSED_VARIABLE = YES;
				IPHONEOS_DEPLOYMENT_TARGET = 10.2;
				MTL_ENABLE_DEBUG_INFO = NO;
				SDKROOT = iphoneos;
				VALIDATE_PRODUCT = YES;
			};
			name = AppStore;
		};
		821F2E741EACC9B60098081F /* AppStore */ = {
			isa = XCBuildConfiguration;
			buildSettings = {
				ASSETCATALOG_COMPILER_APPICON_NAME = AppIcon;
				ASSETCATALOG_COMPILER_LAUNCHIMAGE_NAME = LaunchImage;
				DEVELOPMENT_TEAM = TGSY8NT3H9;
				GCC_PREFIX_HEADER = "DesignAliance/DesignAliance-Prefix.pch";
				GCC_PREPROCESSOR_DEFINITIONS = "OFFICIAL=1";
				INFOPLIST_FILE = DesignAliance/Info.plist;
				LD_RUNPATH_SEARCH_PATHS = "$(inherited) @executable_path/Frameworks";
				PRODUCT_BUNDLE_IDENTIFIER = com.snowwolf.DesignAliance;
				PRODUCT_NAME = "$(TARGET_NAME)";
			};
			name = AppStore;
		};
		821F2E751EACC9B60098081F /* AppStore */ = {
			isa = XCBuildConfiguration;
			buildSettings = {
				BUNDLE_LOADER = "$(TEST_HOST)";
				DEVELOPMENT_TEAM = TGSY8NT3H9;
				INFOPLIST_FILE = DesignAlianceTests/Info.plist;
				LD_RUNPATH_SEARCH_PATHS = "$(inherited) @executable_path/Frameworks @loader_path/Frameworks";
				PRODUCT_BUNDLE_IDENTIFIER = com.snowwolf.DesignAlianceTests;
				PRODUCT_NAME = "$(TARGET_NAME)";
				TEST_HOST = "$(BUILT_PRODUCTS_DIR)/DesignAliance.app/DesignAliance";
			};
			name = AppStore;
		};
		821F2E761EACC9B60098081F /* AppStore */ = {
			isa = XCBuildConfiguration;
			buildSettings = {
				DEVELOPMENT_TEAM = TGSY8NT3H9;
				INFOPLIST_FILE = DesignAlianceUITests/Info.plist;
				LD_RUNPATH_SEARCH_PATHS = "$(inherited) @executable_path/Frameworks @loader_path/Frameworks";
				PRODUCT_BUNDLE_IDENTIFIER = com.snowwolf.DesignAlianceUITests;
				PRODUCT_NAME = "$(TARGET_NAME)";
				TEST_TARGET_NAME = DesignAliance;
			};
			name = AppStore;
		};
		821F2E771EACC9D70098081F /* Enterprise */ = {
			isa = XCBuildConfiguration;
			buildSettings = {
				ALWAYS_SEARCH_USER_PATHS = NO;
				CLANG_ANALYZER_NONNULL = YES;
				CLANG_CXX_LANGUAGE_STANDARD = "gnu++0x";
				CLANG_CXX_LIBRARY = "libc++";
				CLANG_ENABLE_MODULES = YES;
				CLANG_ENABLE_OBJC_ARC = YES;
				CLANG_WARN_BOOL_CONVERSION = YES;
				CLANG_WARN_CONSTANT_CONVERSION = YES;
				CLANG_WARN_DIRECT_OBJC_ISA_USAGE = YES_ERROR;
				CLANG_WARN_DOCUMENTATION_COMMENTS = YES;
				CLANG_WARN_EMPTY_BODY = YES;
				CLANG_WARN_ENUM_CONVERSION = YES;
				CLANG_WARN_INFINITE_RECURSION = YES;
				CLANG_WARN_INT_CONVERSION = YES;
				CLANG_WARN_OBJC_ROOT_CLASS = YES_ERROR;
				CLANG_WARN_SUSPICIOUS_MOVE = YES;
				CLANG_WARN_UNREACHABLE_CODE = YES;
				CLANG_WARN__DUPLICATE_METHOD_MATCH = YES;
				"CODE_SIGN_IDENTITY[sdk=iphoneos*]" = "iPhone Developer";
				COPY_PHASE_STRIP = NO;
				DEBUG_INFORMATION_FORMAT = "dwarf-with-dsym";
				ENABLE_NS_ASSERTIONS = NO;
				ENABLE_STRICT_OBJC_MSGSEND = YES;
				GCC_C_LANGUAGE_STANDARD = gnu99;
				GCC_NO_COMMON_BLOCKS = YES;
				GCC_WARN_64_TO_32_BIT_CONVERSION = YES;
				GCC_WARN_ABOUT_RETURN_TYPE = YES_ERROR;
				GCC_WARN_UNDECLARED_SELECTOR = YES;
				GCC_WARN_UNINITIALIZED_AUTOS = YES_AGGRESSIVE;
				GCC_WARN_UNUSED_FUNCTION = YES;
				GCC_WARN_UNUSED_VARIABLE = YES;
				IPHONEOS_DEPLOYMENT_TARGET = 10.2;
				MTL_ENABLE_DEBUG_INFO = NO;
				SDKROOT = iphoneos;
				VALIDATE_PRODUCT = YES;
			};
			name = Enterprise;
		};
		821F2E781EACC9D70098081F /* Enterprise */ = {
			isa = XCBuildConfiguration;
			buildSettings = {
				ASSETCATALOG_COMPILER_APPICON_NAME = AppIcon;
				ASSETCATALOG_COMPILER_LAUNCHIMAGE_NAME = LaunchImage;
				DEVELOPMENT_TEAM = TGSY8NT3H9;
				GCC_PREFIX_HEADER = "DesignAliance/DesignAliance-Prefix.pch";
				GCC_PREPROCESSOR_DEFINITIONS = "OFFICIAL=1";
				INFOPLIST_FILE = DesignAliance/Info.plist;
				LD_RUNPATH_SEARCH_PATHS = "$(inherited) @executable_path/Frameworks";
				PRODUCT_BUNDLE_IDENTIFIER = com.snowwolf.DesignAliance;
				PRODUCT_NAME = "$(TARGET_NAME)";
			};
			name = Enterprise;
		};
		821F2E791EACC9D70098081F /* Enterprise */ = {
			isa = XCBuildConfiguration;
			buildSettings = {
				BUNDLE_LOADER = "$(TEST_HOST)";
				DEVELOPMENT_TEAM = TGSY8NT3H9;
				INFOPLIST_FILE = DesignAlianceTests/Info.plist;
				LD_RUNPATH_SEARCH_PATHS = "$(inherited) @executable_path/Frameworks @loader_path/Frameworks";
				PRODUCT_BUNDLE_IDENTIFIER = com.snowwolf.DesignAlianceTests;
				PRODUCT_NAME = "$(TARGET_NAME)";
				TEST_HOST = "$(BUILT_PRODUCTS_DIR)/DesignAliance.app/DesignAliance";
			};
			name = Enterprise;
		};
		821F2E7A1EACC9D70098081F /* Enterprise */ = {
			isa = XCBuildConfiguration;
			buildSettings = {
				DEVELOPMENT_TEAM = TGSY8NT3H9;
				INFOPLIST_FILE = DesignAlianceUITests/Info.plist;
				LD_RUNPATH_SEARCH_PATHS = "$(inherited) @executable_path/Frameworks @loader_path/Frameworks";
				PRODUCT_BUNDLE_IDENTIFIER = com.snowwolf.DesignAlianceUITests;
				PRODUCT_NAME = "$(TARGET_NAME)";
				TEST_TARGET_NAME = DesignAliance;
			};
			name = Enterprise;
		};
		821F2E7B1EACC9E50098081F /* AdHoc */ = {
			isa = XCBuildConfiguration;
			buildSettings = {
				ALWAYS_SEARCH_USER_PATHS = NO;
				CLANG_ANALYZER_NONNULL = YES;
				CLANG_CXX_LANGUAGE_STANDARD = "gnu++0x";
				CLANG_CXX_LIBRARY = "libc++";
				CLANG_ENABLE_MODULES = YES;
				CLANG_ENABLE_OBJC_ARC = YES;
				CLANG_WARN_BOOL_CONVERSION = YES;
				CLANG_WARN_CONSTANT_CONVERSION = YES;
				CLANG_WARN_DIRECT_OBJC_ISA_USAGE = YES_ERROR;
				CLANG_WARN_DOCUMENTATION_COMMENTS = YES;
				CLANG_WARN_EMPTY_BODY = YES;
				CLANG_WARN_ENUM_CONVERSION = YES;
				CLANG_WARN_INFINITE_RECURSION = YES;
				CLANG_WARN_INT_CONVERSION = YES;
				CLANG_WARN_OBJC_ROOT_CLASS = YES_ERROR;
				CLANG_WARN_SUSPICIOUS_MOVE = YES;
				CLANG_WARN_UNREACHABLE_CODE = YES;
				CLANG_WARN__DUPLICATE_METHOD_MATCH = YES;
				"CODE_SIGN_IDENTITY[sdk=iphoneos*]" = "iPhone Developer";
				COPY_PHASE_STRIP = NO;
				DEBUG_INFORMATION_FORMAT = "dwarf-with-dsym";
				ENABLE_NS_ASSERTIONS = NO;
				ENABLE_STRICT_OBJC_MSGSEND = YES;
				GCC_C_LANGUAGE_STANDARD = gnu99;
				GCC_NO_COMMON_BLOCKS = YES;
				GCC_WARN_64_TO_32_BIT_CONVERSION = YES;
				GCC_WARN_ABOUT_RETURN_TYPE = YES_ERROR;
				GCC_WARN_UNDECLARED_SELECTOR = YES;
				GCC_WARN_UNINITIALIZED_AUTOS = YES_AGGRESSIVE;
				GCC_WARN_UNUSED_FUNCTION = YES;
				GCC_WARN_UNUSED_VARIABLE = YES;
				IPHONEOS_DEPLOYMENT_TARGET = 10.2;
				MTL_ENABLE_DEBUG_INFO = NO;
				SDKROOT = iphoneos;
				VALIDATE_PRODUCT = YES;
			};
			name = AdHoc;
		};
		821F2E7C1EACC9E50098081F /* AdHoc */ = {
			isa = XCBuildConfiguration;
			buildSettings = {
				ASSETCATALOG_COMPILER_APPICON_NAME = AppIcon;
				ASSETCATALOG_COMPILER_LAUNCHIMAGE_NAME = LaunchImage;
				DEVELOPMENT_TEAM = TGSY8NT3H9;
				GCC_PREFIX_HEADER = "DesignAliance/DesignAliance-Prefix.pch";
				INFOPLIST_FILE = DesignAliance/Info.plist;
				LD_RUNPATH_SEARCH_PATHS = "$(inherited) @executable_path/Frameworks";
				PRODUCT_BUNDLE_IDENTIFIER = com.snowwolf.DesignAliance;
				PRODUCT_NAME = "$(TARGET_NAME)";
			};
			name = AdHoc;
		};
		821F2E7D1EACC9E50098081F /* AdHoc */ = {
			isa = XCBuildConfiguration;
			buildSettings = {
				BUNDLE_LOADER = "$(TEST_HOST)";
				DEVELOPMENT_TEAM = TGSY8NT3H9;
				INFOPLIST_FILE = DesignAlianceTests/Info.plist;
				LD_RUNPATH_SEARCH_PATHS = "$(inherited) @executable_path/Frameworks @loader_path/Frameworks";
				PRODUCT_BUNDLE_IDENTIFIER = com.snowwolf.DesignAlianceTests;
				PRODUCT_NAME = "$(TARGET_NAME)";
				TEST_HOST = "$(BUILT_PRODUCTS_DIR)/DesignAliance.app/DesignAliance";
			};
			name = AdHoc;
		};
		821F2E7E1EACC9E50098081F /* AdHoc */ = {
			isa = XCBuildConfiguration;
			buildSettings = {
				DEVELOPMENT_TEAM = TGSY8NT3H9;
				INFOPLIST_FILE = DesignAlianceUITests/Info.plist;
				LD_RUNPATH_SEARCH_PATHS = "$(inherited) @executable_path/Frameworks @loader_path/Frameworks";
				PRODUCT_BUNDLE_IDENTIFIER = com.snowwolf.DesignAlianceUITests;
				PRODUCT_NAME = "$(TARGET_NAME)";
				TEST_TARGET_NAME = DesignAliance;
			};
			name = AdHoc;
		};
/* End XCBuildConfiguration section */

/* Begin XCConfigurationList section */
		821F2DE41EAC4BF70098081F /* Build configuration list for PBXProject "DesignAliance" */ = {
			isa = XCConfigurationList;
			buildConfigurations = (
				821F2E141EAC4BF70098081F /* Debug */,
				821F2E151EAC4BF70098081F /* Release */,
				821F2E731EACC9B60098081F /* AppStore */,
				821F2E7B1EACC9E50098081F /* AdHoc */,
				821F2E771EACC9D70098081F /* Enterprise */,
			);
			defaultConfigurationIsVisible = 0;
			defaultConfigurationName = Release;
		};
		821F2E161EAC4BF70098081F /* Build configuration list for PBXNativeTarget "DesignAliance" */ = {
			isa = XCConfigurationList;
			buildConfigurations = (
				821F2E171EAC4BF70098081F /* Debug */,
				821F2E181EAC4BF70098081F /* Release */,
				821F2E741EACC9B60098081F /* AppStore */,
				821F2E7C1EACC9E50098081F /* AdHoc */,
				821F2E781EACC9D70098081F /* Enterprise */,
			);
			defaultConfigurationIsVisible = 0;
			defaultConfigurationName = Release;
		};
		821F2E191EAC4BF70098081F /* Build configuration list for PBXNativeTarget "DesignAlianceTests" */ = {
			isa = XCConfigurationList;
			buildConfigurations = (
				821F2E1A1EAC4BF70098081F /* Debug */,
				821F2E1B1EAC4BF70098081F /* Release */,
				821F2E751EACC9B60098081F /* AppStore */,
				821F2E7D1EACC9E50098081F /* AdHoc */,
				821F2E791EACC9D70098081F /* Enterprise */,
			);
			defaultConfigurationIsVisible = 0;
			defaultConfigurationName = Release;
		};
		821F2E1C1EAC4BF70098081F /* Build configuration list for PBXNativeTarget "DesignAlianceUITests" */ = {
			isa = XCConfigurationList;
			buildConfigurations = (
				821F2E1D1EAC4BF70098081F /* Debug */,
				821F2E1E1EAC4BF70098081F /* Release */,
				821F2E761EACC9B60098081F /* AppStore */,
				821F2E7E1EACC9E50098081F /* AdHoc */,
				821F2E7A1EACC9D70098081F /* Enterprise */,
			);
			defaultConfigurationIsVisible = 0;
			defaultConfigurationName = Release;
		};
/* End XCConfigurationList section */
	};
	rootObject = 821F2DE11EAC4BF70098081F /* Project object */;
}
